// !$*UTF8*$!
{
	archiveVersion = 1;
	classes = {
	};
	objectVersion = 56;
	objects = {

/* Begin PBXBuildFile section */
		31E53306CB966FE02BBC9538 /* Pods_Notice.framework in Frameworks */ = {isa = PBXBuildFile; fileRef = C0822597EE1E2F7073009C74 /* Pods_Notice.framework */; };
		5CBC662E29A200D8007BF31F /* AppDelegate.swift in Sources */ = {isa = PBXBuildFile; fileRef = 5CBC662D29A200D8007BF31F /* AppDelegate.swift */; };
		5CBC663029A200D8007BF31F /* SceneDelegate.swift in Sources */ = {isa = PBXBuildFile; fileRef = 5CBC662F29A200D8007BF31F /* SceneDelegate.swift */; };
		5CBC663229A200D8007BF31F /* ViewController.swift in Sources */ = {isa = PBXBuildFile; fileRef = 5CBC663129A200D8007BF31F /* ViewController.swift */; };
		5CBC663529A200D8007BF31F /* Main.storyboard in Resources */ = {isa = PBXBuildFile; fileRef = 5CBC663329A200D8007BF31F /* Main.storyboard */; };
		5CBC663729A200D9007BF31F /* Assets.xcassets in Resources */ = {isa = PBXBuildFile; fileRef = 5CBC663629A200D9007BF31F /* Assets.xcassets */; };
		5CBC663A29A200D9007BF31F /* LaunchScreen.storyboard in Resources */ = {isa = PBXBuildFile; fileRef = 5CBC663829A200D9007BF31F /* LaunchScreen.storyboard */; };
		5CBC664329A2013A007BF31F /* NoticeViewController.swift in Sources */ = {isa = PBXBuildFile; fileRef = 5CBC664129A2013A007BF31F /* NoticeViewController.swift */; };
		5CBC664429A2013A007BF31F /* NoticeViewController.xib in Resources */ = {isa = PBXBuildFile; fileRef = 5CBC664229A2013A007BF31F /* NoticeViewController.xib */; };
		5CBC664629A205AB007BF31F /* GoogleService-Info.plist in Resources */ = {isa = PBXBuildFile; fileRef = 5CBC664529A205AB007BF31F /* GoogleService-Info.plist */; };
		5CBC664829A20BFF007BF31F /* RemoteConfigDefaults.plist in Resources */ = {isa = PBXBuildFile; fileRef = 5CBC664729A20BFF007BF31F /* RemoteConfigDefaults.plist */; };
/* End PBXBuildFile section */

/* Begin PBXFileReference section */
		5CBC662A29A200D8007BF31F /* Notice.app */ = {isa = PBXFileReference; explicitFileType = wrapper.application; includeInIndex = 0; path = Notice.app; sourceTree = BUILT_PRODUCTS_DIR; };
		5CBC662D29A200D8007BF31F /* AppDelegate.swift */ = {isa = PBXFileReference; lastKnownFileType = sourcecode.swift; path = AppDelegate.swift; sourceTree = "<group>"; };
		5CBC662F29A200D8007BF31F /* SceneDelegate.swift */ = {isa = PBXFileReference; lastKnownFileType = sourcecode.swift; path = SceneDelegate.swift; sourceTree = "<group>"; };
		5CBC663129A200D8007BF31F /* ViewController.swift */ = {isa = PBXFileReference; lastKnownFileType = sourcecode.swift; path = ViewController.swift; sourceTree = "<group>"; };
		5CBC663429A200D8007BF31F /* Base */ = {isa = PBXFileReference; lastKnownFileType = file.storyboard; name = Base; path = Base.lproj/Main.storyboard; sourceTree = "<group>"; };
		5CBC663629A200D9007BF31F /* Assets.xcassets */ = {isa = PBXFileReference; lastKnownFileType = folder.assetcatalog; path = Assets.xcassets; sourceTree = "<group>"; };
		5CBC663929A200D9007BF31F /* Base */ = {isa = PBXFileReference; lastKnownFileType = file.storyboard; name = Base; path = Base.lproj/LaunchScreen.storyboard; sourceTree = "<group>"; };
		5CBC663B29A200D9007BF31F /* Info.plist */ = {isa = PBXFileReference; lastKnownFileType = text.plist.xml; path = Info.plist; sourceTree = "<group>"; };
		5CBC664129A2013A007BF31F /* NoticeViewController.swift */ = {isa = PBXFileReference; lastKnownFileType = sourcecode.swift; path = NoticeViewController.swift; sourceTree = "<group>"; };
		5CBC664229A2013A007BF31F /* NoticeViewController.xib */ = {isa = PBXFileReference; lastKnownFileType = file.xib; path = NoticeViewController.xib; sourceTree = "<group>"; };
		5CBC664529A205AB007BF31F /* GoogleService-Info.plist */ = {isa = PBXFileReference; fileEncoding = 4; lastKnownFileType = text.plist.xml; name = "GoogleService-Info.plist"; path = "../../../../Downloads/GoogleService-Info.plist"; sourceTree = "<group>"; };
		5CBC664729A20BFF007BF31F /* RemoteConfigDefaults.plist */ = {isa = PBXFileReference; lastKnownFileType = text.plist.xml; path = RemoteConfigDefaults.plist; sourceTree = "<group>"; };
		5EB7AF9A5CD5B16A16463AE5 /* Pods-Notice.debug.xcconfig */ = {isa = PBXFileReference; includeInIndex = 1; lastKnownFileType = text.xcconfig; name = "Pods-Notice.debug.xcconfig"; path = "Target Support Files/Pods-Notice/Pods-Notice.debug.xcconfig"; sourceTree = "<group>"; };
		69ED32F546715C11080834ED /* Pods-Notice.release.xcconfig */ = {isa = PBXFileReference; includeInIndex = 1; lastKnownFileType = text.xcconfig; name = "Pods-Notice.release.xcconfig"; path = "Target Support Files/Pods-Notice/Pods-Notice.release.xcconfig"; sourceTree = "<group>"; };
		C0822597EE1E2F7073009C74 /* Pods_Notice.framework */ = {isa = PBXFileReference; explicitFileType = wrapper.framework; includeInIndex = 0; path = Pods_Notice.framework; sourceTree = BUILT_PRODUCTS_DIR; };
/* End PBXFileReference section */

/* Begin PBXFrameworksBuildPhase section */
		5CBC662729A200D8007BF31F /* Frameworks */ = {
			isa = PBXFrameworksBuildPhase;
			buildActionMask = 2147483647;
			files = (
				31E53306CB966FE02BBC9538 /* Pods_Notice.framework in Frameworks */,
			);
			runOnlyForDeploymentPostprocessing = 0;
		};
/* End PBXFrameworksBuildPhase section */

/* Begin PBXGroup section */
		0FAC74BB823A1FF6BF837D2E /* Frameworks */ = {
			isa = PBXGroup;
			children = (
				C0822597EE1E2F7073009C74 /* Pods_Notice.framework */,
			);
			name = Frameworks;
			sourceTree = "<group>";
		};
		420C0E9F5758352F9FF41553 /* Pods */ = {
			isa = PBXGroup;
			children = (
				5EB7AF9A5CD5B16A16463AE5 /* Pods-Notice.debug.xcconfig */,
				69ED32F546715C11080834ED /* Pods-Notice.release.xcconfig */,
			);
			path = Pods;
			sourceTree = "<group>";
		};
		5CBC662129A200D8007BF31F = {
			isa = PBXGroup;
			children = (
				5CBC662C29A200D8007BF31F /* Notice */,
				5CBC662B29A200D8007BF31F /* Products */,
				420C0E9F5758352F9FF41553 /* Pods */,
				0FAC74BB823A1FF6BF837D2E /* Frameworks */,
			);
			sourceTree = "<group>";
		};
		5CBC662B29A200D8007BF31F /* Products */ = {
			isa = PBXGroup;
			children = (
				5CBC662A29A200D8007BF31F /* Notice.app */,
			);
			name = Products;
			sourceTree = "<group>";
		};
		5CBC662C29A200D8007BF31F /* Notice */ = {
			isa = PBXGroup;
			children = (
				5CBC662D29A200D8007BF31F /* AppDelegate.swift */,
				5CBC662F29A200D8007BF31F /* SceneDelegate.swift */,
				5CBC663129A200D8007BF31F /* ViewController.swift */,
				5CBC663329A200D8007BF31F /* Main.storyboard */,
				5CBC663629A200D9007BF31F /* Assets.xcassets */,
				5CBC663829A200D9007BF31F /* LaunchScreen.storyboard */,
				5CBC663B29A200D9007BF31F /* Info.plist */,
				5CBC664129A2013A007BF31F /* NoticeViewController.swift */,
				5CBC664229A2013A007BF31F /* NoticeViewController.xib */,
				5CBC664529A205AB007BF31F /* GoogleService-Info.plist */,
				5CBC664729A20BFF007BF31F /* RemoteConfigDefaults.plist */,
			);
			path = Notice;
			sourceTree = "<group>";
		};
/* End PBXGroup section */

/* Begin PBXNativeTarget section */
		5CBC662929A200D8007BF31F /* Notice */ = {
			isa = PBXNativeTarget;
			buildConfigurationList = 5CBC663E29A200D9007BF31F /* Build configuration list for PBXNativeTarget "Notice" */;
			buildPhases = (
				8A82BCE49828728FD4FA9718 /* [CP] Check Pods Manifest.lock */,
				5CBC662629A200D8007BF31F /* Sources */,
				5CBC662729A200D8007BF31F /* Frameworks */,
				5CBC662829A200D8007BF31F /* Resources */,
				F3F6D85CBAD8EC41A0BE5738 /* [CP] Embed Pods Frameworks */,
			);
			buildRules = (
			);
			dependencies = (
			);
			name = Notice;
			productName = Notice;
			productReference = 5CBC662A29A200D8007BF31F /* Notice.app */;
			productType = "com.apple.product-type.application";
		};
/* End PBXNativeTarget section */

/* Begin PBXProject section */
		5CBC662229A200D8007BF31F /* Project object */ = {
			isa = PBXProject;
			attributes = {
				BuildIndependentTargetsInParallel = 1;
				LastSwiftUpdateCheck = 1420;
				LastUpgradeCheck = 1420;
				TargetAttributes = {
					5CBC662929A200D8007BF31F = {
						CreatedOnToolsVersion = 14.2;
					};
				};
			};
			buildConfigurationList = 5CBC662529A200D8007BF31F /* Build configuration list for PBXProject "Notice" */;
			compatibilityVersion = "Xcode 14.0";
			developmentRegion = en;
			hasScannedForEncodings = 0;
			knownRegions = (
				en,
				Base,
			);
			mainGroup = 5CBC662129A200D8007BF31F;
			productRefGroup = 5CBC662B29A200D8007BF31F /* Products */;
			projectDirPath = "";
			projectRoot = "";
			targets = (
				5CBC662929A200D8007BF31F /* Notice */,
			);
		};
/* End PBXProject section */

/* Begin PBXResourcesBuildPhase section */
		5CBC662829A200D8007BF31F /* Resources */ = {
			isa = PBXResourcesBuildPhase;
			buildActionMask = 2147483647;
			files = (
				5CBC664829A20BFF007BF31F /* RemoteConfigDefaults.plist in Resources */,
				5CBC663A29A200D9007BF31F /* LaunchScreen.storyboard in Resources */,
				5CBC663729A200D9007BF31F /* Assets.xcassets in Resources */,
				5CBC664629A205AB007BF31F /* GoogleService-Info.plist in Resources */,
				5CBC664429A2013A007BF31F /* NoticeViewController.xib in Resources */,
				5CBC663529A200D8007BF31F /* Main.storyboard in Resources */,
			);
			runOnlyForDeploymentPostprocessing = 0;
		};
/* End PBXResourcesBuildPhase section */

/* Begin PBXShellScriptBuildPhase section */
		8A82BCE49828728FD4FA9718 /* [CP] Check Pods Manifest.lock */ = {
			isa = PBXShellScriptBuildPhase;
			buildActionMask = 2147483647;
			files = (
			);
			inputFileListPaths = (
			);
			inputPaths = (
				"${PODS_PODFILE_DIR_PATH}/Podfile.lock",
				"${PODS_ROOT}/Manifest.lock",
			);
			name = "[CP] Check Pods Manifest.lock";
			outputFileListPaths = (
			);
			outputPaths = (
				"$(DERIVED_FILE_DIR)/Pods-Notice-checkManifestLockResult.txt",
			);
			runOnlyForDeploymentPostprocessing = 0;
			shellPath = /bin/sh;
			shellScript = "diff \"${PODS_PODFILE_DIR_PATH}/Podfile.lock\" \"${PODS_ROOT}/Manifest.lock\" > /dev/null\nif [ $? != 0 ] ; then\n    # print error to STDERR\n    echo \"error: The sandbox is not in sync with the Podfile.lock. Run 'pod install' or update your CocoaPods installation.\" >&2\n    exit 1\nfi\n# This output is used by Xcode 'outputs' to avoid re-running this script phase.\necho \"SUCCESS\" > \"${SCRIPT_OUTPUT_FILE_0}\"\n";
			showEnvVarsInLog = 0;
		};
		F3F6D85CBAD8EC41A0BE5738 /* [CP] Embed Pods Frameworks */ = {
			isa = PBXShellScriptBuildPhase;
			buildActionMask = 2147483647;
			files = (
			);
			inputFileListPaths = (
				"${PODS_ROOT}/Target Support Files/Pods-Notice/Pods-Notice-frameworks-${CONFIGURATION}-input-files.xcfilelist",
			);
			name = "[CP] Embed Pods Frameworks";
			outputFileListPaths = (
				"${PODS_ROOT}/Target Support Files/Pods-Notice/Pods-Notice-frameworks-${CONFIGURATION}-output-files.xcfilelist",
			);
			runOnlyForDeploymentPostprocessing = 0;
			shellPath = /bin/sh;
			shellScript = "\"${PODS_ROOT}/Target Support Files/Pods-Notice/Pods-Notice-frameworks.sh\"\n";
			showEnvVarsInLog = 0;
		};
/* End PBXShellScriptBuildPhase section */

/* Begin PBXSourcesBuildPhase section */
		5CBC662629A200D8007BF31F /* Sources */ = {
			isa = PBXSourcesBuildPhase;
			buildActionMask = 2147483647;
			files = (
				5CBC663229A200D8007BF31F /* ViewController.swift in Sources */,
				5CBC662E29A200D8007BF31F /* AppDelegate.swift in Sources */,
				5CBC664329A2013A007BF31F /* NoticeViewController.swift in Sources */,
				5CBC663029A200D8007BF31F /* SceneDelegate.swift in Sources */,
			);
			runOnlyForDeploymentPostprocessing = 0;
		};
/* End PBXSourcesBuildPhase section */

/* Begin PBXVariantGroup section */
		5CBC663329A200D8007BF31F /* Main.storyboard */ = {
			isa = PBXVariantGroup;
			children = (
				5CBC663429A200D8007BF31F /* Base */,
			);
			name = Main.storyboard;
			sourceTree = "<group>";
		};
		5CBC663829A200D9007BF31F /* LaunchScreen.storyboard */ = {
			isa = PBXVariantGroup;
			children = (
				5CBC663929A200D9007BF31F /* Base */,
			);
			name = LaunchScreen.storyboard;
			sourceTree = "<group>";
		};
/* End PBXVariantGroup section */

/* Begin XCBuildConfiguration section */
		5CBC663C29A200D9007BF31F /* Debug */ = {
			isa = XCBuildConfiguration;
			buildSettings = {
				ALWAYS_SEARCH_USER_PATHS = NO;
				CLANG_ANALYZER_NONNULL = YES;
				CLANG_ANALYZER_NUMBER_OBJECT_CONVERSION = YES_AGGRESSIVE;
				CLANG_CXX_LANGUAGE_STANDARD = "gnu++20";
				CLANG_ENABLE_MODULES = YES;
				CLANG_ENABLE_OBJC_ARC = YES;
				CLANG_ENABLE_OBJC_WEAK = YES;
				CLANG_WARN_BLOCK_CAPTURE_AUTORELEASING = YES;
				CLANG_WARN_BOOL_CONVERSION = YES;
				CLANG_WARN_COMMA = YES;
				CLANG_WARN_CONSTANT_CONVERSION = YES;
				CLANG_WARN_DEPRECATED_OBJC_IMPLEMENTATIONS = YES;
				CLANG_WARN_DIRECT_OBJC_ISA_USAGE = YES_ERROR;
				CLANG_WARN_DOCUMENTATION_COMMENTS = YES;
				CLANG_WARN_EMPTY_BODY = YES;
				CLANG_WARN_ENUM_CONVERSION = YES;
				CLANG_WARN_INFINITE_RECURSION = YES;
				CLANG_WARN_INT_CONVERSION = YES;
				CLANG_WARN_NON_LITERAL_NULL_CONVERSION = YES;
				CLANG_WARN_OBJC_IMPLICIT_RETAIN_SELF = YES;
				CLANG_WARN_OBJC_LITERAL_CONVERSION = YES;
				CLANG_WARN_OBJC_ROOT_CLASS = YES_ERROR;
				CLANG_WARN_QUOTED_INCLUDE_IN_FRAMEWORK_HEADER = YES;
				CLANG_WARN_RANGE_LOOP_ANALYSIS = YES;
				CLANG_WARN_STRICT_PROTOTYPES = YES;
				CLANG_WARN_SUSPICIOUS_MOVE = YES;
				CLANG_WARN_UNGUARDED_AVAILABILITY = YES_AGGRESSIVE;
				CLANG_WARN_UNREACHABLE_CODE = YES;
				CLANG_WARN__DUPLICATE_METHOD_MATCH = YES;
				COPY_PHASE_STRIP = NO;
				DEBUG_INFORMATION_FORMAT = dwarf;
				ENABLE_STRICT_OBJC_MSGSEND = YES;
				ENABLE_TESTABILITY = YES;
				GCC_C_LANGUAGE_STANDARD = gnu11;
				GCC_DYNAMIC_NO_PIC = NO;
				GCC_NO_COMMON_BLOCKS = YES;
				GCC_OPTIMIZATION_LEVEL = 0;
				GCC_PREPROCESSOR_DEFINITIONS = (
					"DEBUG=1",
					"$(inherited)",
				);
				GCC_WARN_64_TO_32_BIT_CONVERSION = YES;
				GCC_WARN_ABOUT_RETURN_TYPE = YES_ERROR;
				GCC_WARN_UNDECLARED_SELECTOR = YES;
				GCC_WARN_UNINITIALIZED_AUTOS = YES_AGGRESSIVE;
				GCC_WARN_UNUSED_FUNCTION = YES;
				GCC_WARN_UNUSED_VARIABLE = YES;
				IPHONEOS_DEPLOYMENT_TARGET = 16.2;
				MTL_ENABLE_DEBUG_INFO = INCLUDE_SOURCE;
				MTL_FAST_MATH = YES;
				ONLY_ACTIVE_ARCH = YES;
				SDKROOT = iphoneos;
				SWIFT_ACTIVE_COMPILATION_CONDITIONS = DEBUG;
				SWIFT_OPTIMIZATION_LEVEL = "-Onone";
			};
			name = Debug;
		};
		5CBC663D29A200D9007BF31F /* Release */ = {
			isa = XCBuildConfiguration;
			buildSettings = {
				ALWAYS_SEARCH_USER_PATHS = NO;
				CLANG_ANALYZER_NONNULL = YES;
				CLANG_ANALYZER_NUMBER_OBJECT_CONVERSION = YES_AGGRESSIVE;
				CLANG_CXX_LANGUAGE_STANDARD = "gnu++20";
				CLANG_ENABLE_MODULES = YES;
				CLANG_ENABLE_OBJC_ARC = YES;
				CLANG_ENABLE_OBJC_WEAK = YES;
				CLANG_WARN_BLOCK_CAPTURE_AUTORELEASING = YES;
				CLANG_WARN_BOOL_CONVERSION = YES;
				CLANG_WARN_COMMA = YES;
				CLANG_WARN_CONSTANT_CONVERSION = YES;
				CLANG_WARN_DEPRECATED_OBJC_IMPLEMENTATIONS = YES;
				CLANG_WARN_DIRECT_OBJC_ISA_USAGE = YES_ERROR;
				CLANG_WARN_DOCUMENTATION_COMMENTS = YES;
				CLANG_WARN_EMPTY_BODY = YES;
				CLANG_WARN_ENUM_CONVERSION = YES;
				CLANG_WARN_INFINITE_RECURSION = YES;
				CLANG_WARN_INT_CONVERSION = YES;
				CLANG_WARN_NON_LITERAL_NULL_CONVERSION = YES;
				CLANG_WARN_OBJC_IMPLICIT_RETAIN_SELF = YES;
				CLANG_WARN_OBJC_LITERAL_CONVERSION = YES;
				CLANG_WARN_OBJC_ROOT_CLASS = YES_ERROR;
				CLANG_WARN_QUOTED_INCLUDE_IN_FRAMEWORK_HEADER = YES;
				CLANG_WARN_RANGE_LOOP_ANALYSIS = YES;
				CLANG_WARN_STRICT_PROTOTYPES = YES;
				CLANG_WARN_SUSPICIOUS_MOVE = YES;
				CLANG_WARN_UNGUARDED_AVAILABILITY = YES_AGGRESSIVE;
				CLANG_WARN_UNREACHABLE_CODE = YES;
				CLANG_WARN__DUPLICATE_METHOD_MATCH = YES;
				COPY_PHASE_STRIP = NO;
				DEBUG_INFORMATION_FORMAT = "dwarf-with-dsym";
				ENABLE_NS_ASSERTIONS = NO;
				ENABLE_STRICT_OBJC_MSGSEND = YES;
				GCC_C_LANGUAGE_STANDARD = gnu11;
				GCC_NO_COMMON_BLOCKS = YES;
				GCC_WARN_64_TO_32_BIT_CONVERSION = YES;
				GCC_WARN_ABOUT_RETURN_TYPE = YES_ERROR;
				GCC_WARN_UNDECLARED_SELECTOR = YES;
				GCC_WARN_UNINITIALIZED_AUTOS = YES_AGGRESSIVE;
				GCC_WARN_UNUSED_FUNCTION = YES;
				GCC_WARN_UNUSED_VARIABLE = YES;
				IPHONEOS_DEPLOYMENT_TARGET = 16.2;
				MTL_ENABLE_DEBUG_INFO = NO;
				MTL_FAST_MATH = YES;
				SDKROOT = iphoneos;
				SWIFT_COMPILATION_MODE = wholemodule;
				SWIFT_OPTIMIZATION_LEVEL = "-O";
				VALIDATE_PRODUCT = YES;
			};
			name = Release;
		};
		5CBC663F29A200D9007BF31F /* Debug */ = {
			isa = XCBuildConfiguration;
			baseConfigurationReference = 5EB7AF9A5CD5B16A16463AE5 /* Pods-Notice.debug.xcconfig */;
			buildSettings = {
				ASSETCATALOG_COMPILER_APPICON_NAME = AppIcon;
				ASSETCATALOG_COMPILER_GLOBAL_ACCENT_COLOR_NAME = AccentColor;
				CODE_SIGN_STYLE = Automatic;
				CURRENT_PROJECT_VERSION = 1;
				DEVELOPMENT_TEAM = XRWYG766B9;
				GENERATE_INFOPLIST_FILE = YES;
				INFOPLIST_FILE = Notice/Info.plist;
				INFOPLIST_KEY_UIApplicationSupportsIndirectInputEvents = YES;
				INFOPLIST_KEY_UILaunchStoryboardName = LaunchScreen;
				INFOPLIST_KEY_UIMainStoryboardFile = Main;
				INFOPLIST_KEY_UISupportedInterfaceOrientations = UIInterfaceOrientationPortrait;
				IPHONEOS_DEPLOYMENT_TARGET = 13.0;
				LD_RUNPATH_SEARCH_PATHS = (
					"$(inherited)",
					"@executable_path/Frameworks",
				);
				MARKETING_VERSION = 1.0;
				PRODUCT_BUNDLE_IDENTIFIER = kr.co.fastcampus.se.heo.Notice;
				PRODUCT_NAME = "$(TARGET_NAME)";
				SUPPORTED_PLATFORMS = "iphoneos iphonesimulator";
				SUPPORTS_MACCATALYST = NO;
				SUPPORTS_MAC_DESIGNED_FOR_IPHONE_IPAD = NO;
				SWIFT_EMIT_LOC_STRINGS = YES;
				SWIFT_VERSION = 5.0;
				TARGETED_DEVICE_FAMILY = 1;
			};
			name = Debug;
		};
		5CBC664029A200D9007BF31F /* Release */ = {
			isa = XCBuildConfiguration;
			baseConfigurationReference = 69ED32F546715C11080834ED /* Pods-Notice.release.xcconfig */;
			buildSettings = {
				ASSETCATALOG_COMPILER_APPICON_NAME = AppIcon;
				ASSETCATALOG_COMPILER_GLOBAL_ACCENT_COLOR_NAME = AccentColor;
				CODE_SIGN_STYLE = Automatic;
				CURRENT_PROJECT_VERSION = 1;
				DEVELOPMENT_TEAM = XRWYG766B9;
				GENERATE_INFOPLIST_FILE = YES;
				INFOPLIST_FILE = Notice/Info.plist;
				INFOPLIST_KEY_UIApplicationSupportsIndirectInputEvents = YES;
				INFOPLIST_KEY_UILaunchStoryboardName = LaunchScreen;
				INFOPLIST_KEY_UIMainStoryboardFile = Main;
				INFOPLIST_KEY_UISupportedInterfaceOrientations = UIInterfaceOrientationPortrait;
				IPHONEOS_DEPLOYMENT_TARGET = 13.0;
				LD_RUNPATH_SEARCH_PATHS = (
					"$(inherited)",
					"@executable_path/Frameworks",
				);
				MARKETING_VERSION = 1.0;
				PRODUCT_BUNDLE_IDENTIFIER = kr.co.fastcampus.se.heo.Notice;
				PRODUCT_NAME = "$(TARGET_NAME)";
				SUPPORTED_PLATFORMS = "iphoneos iphonesimulator";
				SUPPORTS_MACCATALYST = NO;
				SUPPORTS_MAC_DESIGNED_FOR_IPHONE_IPAD = NO;
				SWIFT_EMIT_LOC_STRINGS = YES;
				SWIFT_VERSION = 5.0;
				TARGETED_DEVICE_FAMILY = 1;
			};
			name = Release;
		};
/* End XCBuildConfiguration section */

/* Begin XCConfigurationList section */
		5CBC662529A200D8007BF31F /* Build configuration list for PBXProject "Notice" */ = {
			isa = XCConfigurationList;
			buildConfigurations = (
				5CBC663C29A200D9007BF31F /* Debug */,
				5CBC663D29A200D9007BF31F /* Release */,
			);
			defaultConfigurationIsVisible = 0;
			defaultConfigurationName = Release;
		};
		5CBC663E29A200D9007BF31F /* Build configuration list for PBXNativeTarget "Notice" */ = {
			isa = XCConfigurationList;
			buildConfigurations = (
				5CBC663F29A200D9007BF31F /* Debug */,
				5CBC664029A200D9007BF31F /* Release */,
			);
			defaultConfigurationIsVisible = 0;
			defaultConfigurationName = Release;
		};
/* End XCConfigurationList section */
	};
	rootObject = 5CBC662229A200D8007BF31F /* Project object */;
}
