// !$*UTF8*$!
{
	archiveVersion = 1;
	classes = {
	};
	objectVersion = 56;
	objects = {

/* Begin PBXBuildFile section */
		5CC7D5682989F5DD009AE1BC /* AppDelegate.swift in Sources */ = {isa = PBXBuildFile; fileRef = 5CC7D5672989F5DD009AE1BC /* AppDelegate.swift */; };
		5CC7D56A2989F5DD009AE1BC /* SceneDelegate.swift in Sources */ = {isa = PBXBuildFile; fileRef = 5CC7D5692989F5DD009AE1BC /* SceneDelegate.swift */; };
		5CC7D56C2989F5DD009AE1BC /* ViewController.swift in Sources */ = {isa = PBXBuildFile; fileRef = 5CC7D56B2989F5DD009AE1BC /* ViewController.swift */; };
		5CC7D56F2989F5DD009AE1BC /* Main.storyboard in Resources */ = {isa = PBXBuildFile; fileRef = 5CC7D56D2989F5DD009AE1BC /* Main.storyboard */; };
		5CC7D5712989F5DE009AE1BC /* Assets.xcassets in Resources */ = {isa = PBXBuildFile; fileRef = 5CC7D5702989F5DE009AE1BC /* Assets.xcassets */; };
		5CC7D5742989F5DE009AE1BC /* LaunchScreen.storyboard in Resources */ = {isa = PBXBuildFile; fileRef = 5CC7D5722989F5DE009AE1BC /* LaunchScreen.storyboard */; };
		5CC7D57D298A58BD009AE1BC /* DiaryCell.swift in Sources */ = {isa = PBXBuildFile; fileRef = 5CC7D57C298A58BD009AE1BC /* DiaryCell.swift */; };
		5CC7D57F298A5922009AE1BC /* StarViewController.swift in Sources */ = {isa = PBXBuildFile; fileRef = 5CC7D57E298A5922009AE1BC /* StarViewController.swift */; };
		5CEAA7B4298B8CDB00DFDF65 /* StarCell.swift in Sources */ = {isa = PBXBuildFile; fileRef = 5CEAA7B3298B8CDA00DFDF65 /* StarCell.swift */; };
		5CEAA7B6298B8F8E00DFDF65 /* WriteDiaryViewController.swift in Sources */ = {isa = PBXBuildFile; fileRef = 5CEAA7B5298B8F8E00DFDF65 /* WriteDiaryViewController.swift */; };
		5CEAA7B8298B8FD000DFDF65 /* DiaryDetailViewController.swift in Sources */ = {isa = PBXBuildFile; fileRef = 5CEAA7B7298B8FD000DFDF65 /* DiaryDetailViewController.swift */; };
		5CEAA7BA298F77CE00DFDF65 /* Diary.swift in Sources */ = {isa = PBXBuildFile; fileRef = 5CEAA7B9298F77CE00DFDF65 /* Diary.swift */; };
/* End PBXBuildFile section */

/* Begin PBXFileReference section */
		5CC7D5642989F5DD009AE1BC /* Diary.app */ = {isa = PBXFileReference; explicitFileType = wrapper.application; includeInIndex = 0; path = Diary.app; sourceTree = BUILT_PRODUCTS_DIR; };
		5CC7D5672989F5DD009AE1BC /* AppDelegate.swift */ = {isa = PBXFileReference; lastKnownFileType = sourcecode.swift; path = AppDelegate.swift; sourceTree = "<group>"; };
		5CC7D5692989F5DD009AE1BC /* SceneDelegate.swift */ = {isa = PBXFileReference; lastKnownFileType = sourcecode.swift; path = SceneDelegate.swift; sourceTree = "<group>"; };
		5CC7D56B2989F5DD009AE1BC /* ViewController.swift */ = {isa = PBXFileReference; lastKnownFileType = sourcecode.swift; path = ViewController.swift; sourceTree = "<group>"; };
		5CC7D56E2989F5DD009AE1BC /* Base */ = {isa = PBXFileReference; lastKnownFileType = file.storyboard; name = Base; path = Base.lproj/Main.storyboard; sourceTree = "<group>"; };
		5CC7D5702989F5DE009AE1BC /* Assets.xcassets */ = {isa = PBXFileReference; lastKnownFileType = folder.assetcatalog; path = Assets.xcassets; sourceTree = "<group>"; };
		5CC7D5732989F5DE009AE1BC /* Base */ = {isa = PBXFileReference; lastKnownFileType = file.storyboard; name = Base; path = Base.lproj/LaunchScreen.storyboard; sourceTree = "<group>"; };
		5CC7D5752989F5DE009AE1BC /* Info.plist */ = {isa = PBXFileReference; lastKnownFileType = text.plist.xml; path = Info.plist; sourceTree = "<group>"; };
		5CC7D57C298A58BD009AE1BC /* DiaryCell.swift */ = {isa = PBXFileReference; lastKnownFileType = sourcecode.swift; path = DiaryCell.swift; sourceTree = "<group>"; };
		5CC7D57E298A5922009AE1BC /* StarViewController.swift */ = {isa = PBXFileReference; lastKnownFileType = sourcecode.swift; path = StarViewController.swift; sourceTree = "<group>"; };
		5CEAA7B3298B8CDA00DFDF65 /* StarCell.swift */ = {isa = PBXFileReference; lastKnownFileType = sourcecode.swift; path = StarCell.swift; sourceTree = "<group>"; };
		5CEAA7B5298B8F8E00DFDF65 /* WriteDiaryViewController.swift */ = {isa = PBXFileReference; lastKnownFileType = sourcecode.swift; path = WriteDiaryViewController.swift; sourceTree = "<group>"; };
		5CEAA7B7298B8FD000DFDF65 /* DiaryDetailViewController.swift */ = {isa = PBXFileReference; lastKnownFileType = sourcecode.swift; path = DiaryDetailViewController.swift; sourceTree = "<group>"; };
		5CEAA7B9298F77CE00DFDF65 /* Diary.swift */ = {isa = PBXFileReference; lastKnownFileType = sourcecode.swift; path = Diary.swift; sourceTree = "<group>"; };
/* End PBXFileReference section */

/* Begin PBXFrameworksBuildPhase section */
		5CC7D5612989F5DD009AE1BC /* Frameworks */ = {
			isa = PBXFrameworksBuildPhase;
			buildActionMask = 2147483647;
			files = (
			);
			runOnlyForDeploymentPostprocessing = 0;
		};
/* End PBXFrameworksBuildPhase section */

/* Begin PBXGroup section */
		5CC7D55B2989F5DD009AE1BC = {
			isa = PBXGroup;
			children = (
				5CC7D5662989F5DD009AE1BC /* Diary */,
				5CC7D5652989F5DD009AE1BC /* Products */,
			);
			sourceTree = "<group>";
		};
		5CC7D5652989F5DD009AE1BC /* Products */ = {
			isa = PBXGroup;
			children = (
				5CC7D5642989F5DD009AE1BC /* Diary.app */,
			);
			name = Products;
			sourceTree = "<group>";
		};
		5CC7D5662989F5DD009AE1BC /* Diary */ = {
			isa = PBXGroup;
			children = (
				5CC7D5672989F5DD009AE1BC /* AppDelegate.swift */,
				5CC7D5692989F5DD009AE1BC /* SceneDelegate.swift */,
				5CC7D56B2989F5DD009AE1BC /* ViewController.swift */,
				5CC7D56D2989F5DD009AE1BC /* Main.storyboard */,
				5CC7D5702989F5DE009AE1BC /* Assets.xcassets */,
				5CC7D5722989F5DE009AE1BC /* LaunchScreen.storyboard */,
				5CC7D5752989F5DE009AE1BC /* Info.plist */,
				5CC7D57C298A58BD009AE1BC /* DiaryCell.swift */,
				5CC7D57E298A5922009AE1BC /* StarViewController.swift */,
				5CEAA7B3298B8CDA00DFDF65 /* StarCell.swift */,
				5CEAA7B5298B8F8E00DFDF65 /* WriteDiaryViewController.swift */,
				5CEAA7B7298B8FD000DFDF65 /* DiaryDetailViewController.swift */,
				5CEAA7B9298F77CE00DFDF65 /* Diary.swift */,
			);
			path = Diary;
			sourceTree = "<group>";
		};
/* End PBXGroup section */

/* Begin PBXNativeTarget section */
		5CC7D5632989F5DD009AE1BC /* Diary */ = {
			isa = PBXNativeTarget;
			buildConfigurationList = 5CC7D5782989F5DE009AE1BC /* Build configuration list for PBXNativeTarget "Diary" */;
			buildPhases = (
				5CC7D5602989F5DD009AE1BC /* Sources */,
				5CC7D5612989F5DD009AE1BC /* Frameworks */,
				5CC7D5622989F5DD009AE1BC /* Resources */,
			);
			buildRules = (
			);
			dependencies = (
			);
			name = Diary;
			productName = Diary;
			productReference = 5CC7D5642989F5DD009AE1BC /* Diary.app */;
			productType = "com.apple.product-type.application";
		};
/* End PBXNativeTarget section */

/* Begin PBXProject section */
		5CC7D55C2989F5DD009AE1BC /* Project object */ = {
			isa = PBXProject;
			attributes = {
				BuildIndependentTargetsInParallel = 1;
				LastSwiftUpdateCheck = 1420;
				LastUpgradeCheck = 1420;
				TargetAttributes = {
					5CC7D5632989F5DD009AE1BC = {
						CreatedOnToolsVersion = 14.2;
					};
				};
			};
			buildConfigurationList = 5CC7D55F2989F5DD009AE1BC /* Build configuration list for PBXProject "Diary" */;
			compatibilityVersion = "Xcode 14.0";
			developmentRegion = en;
			hasScannedForEncodings = 0;
			knownRegions = (
				en,
				Base,
			);
			mainGroup = 5CC7D55B2989F5DD009AE1BC;
			productRefGroup = 5CC7D5652989F5DD009AE1BC /* Products */;
			projectDirPath = "";
			projectRoot = "";
			targets = (
				5CC7D5632989F5DD009AE1BC /* Diary */,
			);
		};
/* End PBXProject section */

/* Begin PBXResourcesBuildPhase section */
		5CC7D5622989F5DD009AE1BC /* Resources */ = {
			isa = PBXResourcesBuildPhase;
			buildActionMask = 2147483647;
			files = (
				5CC7D5742989F5DE009AE1BC /* LaunchScreen.storyboard in Resources */,
				5CC7D5712989F5DE009AE1BC /* Assets.xcassets in Resources */,
				5CC7D56F2989F5DD009AE1BC /* Main.storyboard in Resources */,
			);
			runOnlyForDeploymentPostprocessing = 0;
		};
/* End PBXResourcesBuildPhase section */

/* Begin PBXSourcesBuildPhase section */
		5CC7D5602989F5DD009AE1BC /* Sources */ = {
			isa = PBXSourcesBuildPhase;
			buildActionMask = 2147483647;
			files = (
				5CC7D56C2989F5DD009AE1BC /* ViewController.swift in Sources */,
				5CEAA7B6298B8F8E00DFDF65 /* WriteDiaryViewController.swift in Sources */,
				5CEAA7B4298B8CDB00DFDF65 /* StarCell.swift in Sources */,
				5CC7D5682989F5DD009AE1BC /* AppDelegate.swift in Sources */,
				5CC7D56A2989F5DD009AE1BC /* SceneDelegate.swift in Sources */,
				5CEAA7BA298F77CE00DFDF65 /* Diary.swift in Sources */,
				5CEAA7B8298B8FD000DFDF65 /* DiaryDetailViewController.swift in Sources */,
				5CC7D57D298A58BD009AE1BC /* DiaryCell.swift in Sources */,
				5CC7D57F298A5922009AE1BC /* StarViewController.swift in Sources */,
			);
			runOnlyForDeploymentPostprocessing = 0;
		};
/* End PBXSourcesBuildPhase section */

/* Begin PBXVariantGroup section */
		5CC7D56D2989F5DD009AE1BC /* Main.storyboard */ = {
			isa = PBXVariantGroup;
			children = (
				5CC7D56E2989F5DD009AE1BC /* Base */,
			);
			name = Main.storyboard;
			sourceTree = "<group>";
		};
		5CC7D5722989F5DE009AE1BC /* LaunchScreen.storyboard */ = {
			isa = PBXVariantGroup;
			children = (
				5CC7D5732989F5DE009AE1BC /* Base */,
			);
			name = LaunchScreen.storyboard;
			sourceTree = "<group>";
		};
/* End PBXVariantGroup section */

/* Begin XCBuildConfiguration section */
		5CC7D5762989F5DE009AE1BC /* Debug */ = {
			isa = XCBuildConfiguration;
			buildSettings = {
				ALWAYS_SEARCH_USER_PATHS = NO;
				CLANG_ANALYZER_NONNULL = YES;
				CLANG_ANALYZER_NUMBER_OBJECT_CONVERSION = YES_AGGRESSIVE;
				CLANG_CXX_LANGUAGE_STANDARD = "gnu++20";
				CLANG_ENABLE_MODULES = YES;
				CLANG_ENABLE_OBJC_ARC = YES;
				CLANG_ENABLE_OBJC_WEAK = YES;
				CLANG_WARN_BLOCK_CAPTURE_AUTORELEASING = YES;
				CLANG_WARN_BOOL_CONVERSION = YES;
				CLANG_WARN_COMMA = YES;
				CLANG_WARN_CONSTANT_CONVERSION = YES;
				CLANG_WARN_DEPRECATED_OBJC_IMPLEMENTATIONS = YES;
				CLANG_WARN_DIRECT_OBJC_ISA_USAGE = YES_ERROR;
				CLANG_WARN_DOCUMENTATION_COMMENTS = YES;
				CLANG_WARN_EMPTY_BODY = YES;
				CLANG_WARN_ENUM_CONVERSION = YES;
				CLANG_WARN_INFINITE_RECURSION = YES;
				CLANG_WARN_INT_CONVERSION = YES;
				CLANG_WARN_NON_LITERAL_NULL_CONVERSION = YES;
				CLANG_WARN_OBJC_IMPLICIT_RETAIN_SELF = YES;
				CLANG_WARN_OBJC_LITERAL_CONVERSION = YES;
				CLANG_WARN_OBJC_ROOT_CLASS = YES_ERROR;
				CLANG_WARN_QUOTED_INCLUDE_IN_FRAMEWORK_HEADER = YES;
				CLANG_WARN_RANGE_LOOP_ANALYSIS = YES;
				CLANG_WARN_STRICT_PROTOTYPES = YES;
				CLANG_WARN_SUSPICIOUS_MOVE = YES;
				CLANG_WARN_UNGUARDED_AVAILABILITY = YES_AGGRESSIVE;
				CLANG_WARN_UNREACHABLE_CODE = YES;
				CLANG_WARN__DUPLICATE_METHOD_MATCH = YES;
				COPY_PHASE_STRIP = NO;
				DEBUG_INFORMATION_FORMAT = dwarf;
				ENABLE_STRICT_OBJC_MSGSEND = YES;
				ENABLE_TESTABILITY = YES;
				GCC_C_LANGUAGE_STANDARD = gnu11;
				GCC_DYNAMIC_NO_PIC = NO;
				GCC_NO_COMMON_BLOCKS = YES;
				GCC_OPTIMIZATION_LEVEL = 0;
				GCC_PREPROCESSOR_DEFINITIONS = (
					"DEBUG=1",
					"$(inherited)",
				);
				GCC_WARN_64_TO_32_BIT_CONVERSION = YES;
				GCC_WARN_ABOUT_RETURN_TYPE = YES_ERROR;
				GCC_WARN_UNDECLARED_SELECTOR = YES;
				GCC_WARN_UNINITIALIZED_AUTOS = YES_AGGRESSIVE;
				GCC_WARN_UNUSED_FUNCTION = YES;
				GCC_WARN_UNUSED_VARIABLE = YES;
				IPHONEOS_DEPLOYMENT_TARGET = 16.2;
				MTL_ENABLE_DEBUG_INFO = INCLUDE_SOURCE;
				MTL_FAST_MATH = YES;
				ONLY_ACTIVE_ARCH = YES;
				SDKROOT = iphoneos;
				SWIFT_ACTIVE_COMPILATION_CONDITIONS = DEBUG;
				SWIFT_OPTIMIZATION_LEVEL = "-Onone";
			};
			name = Debug;
		};
		5CC7D5772989F5DE009AE1BC /* Release */ = {
			isa = XCBuildConfiguration;
			buildSettings = {
				ALWAYS_SEARCH_USER_PATHS = NO;
				CLANG_ANALYZER_NONNULL = YES;
				CLANG_ANALYZER_NUMBER_OBJECT_CONVERSION = YES_AGGRESSIVE;
				CLANG_CXX_LANGUAGE_STANDARD = "gnu++20";
				CLANG_ENABLE_MODULES = YES;
				CLANG_ENABLE_OBJC_ARC = YES;
				CLANG_ENABLE_OBJC_WEAK = YES;
				CLANG_WARN_BLOCK_CAPTURE_AUTORELEASING = YES;
				CLANG_WARN_BOOL_CONVERSION = YES;
				CLANG_WARN_COMMA = YES;
				CLANG_WARN_CONSTANT_CONVERSION = YES;
				CLANG_WARN_DEPRECATED_OBJC_IMPLEMENTATIONS = YES;
				CLANG_WARN_DIRECT_OBJC_ISA_USAGE = YES_ERROR;
				CLANG_WARN_DOCUMENTATION_COMMENTS = YES;
				CLANG_WARN_EMPTY_BODY = YES;
				CLANG_WARN_ENUM_CONVERSION = YES;
				CLANG_WARN_INFINITE_RECURSION = YES;
				CLANG_WARN_INT_CONVERSION = YES;
				CLANG_WARN_NON_LITERAL_NULL_CONVERSION = YES;
				CLANG_WARN_OBJC_IMPLICIT_RETAIN_SELF = YES;
				CLANG_WARN_OBJC_LITERAL_CONVERSION = YES;
				CLANG_WARN_OBJC_ROOT_CLASS = YES_ERROR;
				CLANG_WARN_QUOTED_INCLUDE_IN_FRAMEWORK_HEADER = YES;
				CLANG_WARN_RANGE_LOOP_ANALYSIS = YES;
				CLANG_WARN_STRICT_PROTOTYPES = YES;
				CLANG_WARN_SUSPICIOUS_MOVE = YES;
				CLANG_WARN_UNGUARDED_AVAILABILITY = YES_AGGRESSIVE;
				CLANG_WARN_UNREACHABLE_CODE = YES;
				CLANG_WARN__DUPLICATE_METHOD_MATCH = YES;
				COPY_PHASE_STRIP = NO;
				DEBUG_INFORMATION_FORMAT = "dwarf-with-dsym";
				ENABLE_NS_ASSERTIONS = NO;
				ENABLE_STRICT_OBJC_MSGSEND = YES;
				GCC_C_LANGUAGE_STANDARD = gnu11;
				GCC_NO_COMMON_BLOCKS = YES;
				GCC_WARN_64_TO_32_BIT_CONVERSION = YES;
				GCC_WARN_ABOUT_RETURN_TYPE = YES_ERROR;
				GCC_WARN_UNDECLARED_SELECTOR = YES;
				GCC_WARN_UNINITIALIZED_AUTOS = YES_AGGRESSIVE;
				GCC_WARN_UNUSED_FUNCTION = YES;
				GCC_WARN_UNUSED_VARIABLE = YES;
				IPHONEOS_DEPLOYMENT_TARGET = 16.2;
				MTL_ENABLE_DEBUG_INFO = NO;
				MTL_FAST_MATH = YES;
				SDKROOT = iphoneos;
				SWIFT_COMPILATION_MODE = wholemodule;
				SWIFT_OPTIMIZATION_LEVEL = "-O";
				VALIDATE_PRODUCT = YES;
			};
			name = Release;
		};
		5CC7D5792989F5DE009AE1BC /* Debug */ = {
			isa = XCBuildConfiguration;
			buildSettings = {
				ASSETCATALOG_COMPILER_APPICON_NAME = AppIcon;
				ASSETCATALOG_COMPILER_GLOBAL_ACCENT_COLOR_NAME = AccentColor;
				CODE_SIGN_STYLE = Automatic;
				CURRENT_PROJECT_VERSION = 1;
				DEVELOPMENT_TEAM = TJYR485GE2;
				GENERATE_INFOPLIST_FILE = YES;
				INFOPLIST_FILE = Diary/Info.plist;
				INFOPLIST_KEY_UIApplicationSupportsIndirectInputEvents = YES;
				INFOPLIST_KEY_UILaunchStoryboardName = LaunchScreen;
				INFOPLIST_KEY_UIMainStoryboardFile = Main;
				INFOPLIST_KEY_UISupportedInterfaceOrientations_iPad = "UIInterfaceOrientationPortrait UIInterfaceOrientationPortraitUpsideDown UIInterfaceOrientationLandscapeLeft UIInterfaceOrientationLandscapeRight";
				INFOPLIST_KEY_UISupportedInterfaceOrientations_iPhone = "UIInterfaceOrientationPortrait UIInterfaceOrientationLandscapeLeft UIInterfaceOrientationLandscapeRight";
				IPHONEOS_DEPLOYMENT_TARGET = 16.0;
				LD_RUNPATH_SEARCH_PATHS = (
					"$(inherited)",
					"@executable_path/Frameworks",
				);
				MARKETING_VERSION = 1.0;
				PRODUCT_BUNDLE_IDENTIFIER = kr.co.fastcampus.Diary;
				PRODUCT_NAME = "$(TARGET_NAME)";
				SWIFT_EMIT_LOC_STRINGS = YES;
				SWIFT_VERSION = 5.0;
				TARGETED_DEVICE_FAMILY = "1,2";
			};
			name = Debug;
		};
		5CC7D57A2989F5DE009AE1BC /* Release */ = {
			isa = XCBuildConfiguration;
			buildSettings = {
				ASSETCATALOG_COMPILER_APPICON_NAME = AppIcon;
				ASSETCATALOG_COMPILER_GLOBAL_ACCENT_COLOR_NAME = AccentColor;
				CODE_SIGN_STYLE = Automatic;
				CURRENT_PROJECT_VERSION = 1;
				DEVELOPMENT_TEAM = TJYR485GE2;
				GENERATE_INFOPLIST_FILE = YES;
				INFOPLIST_FILE = Diary/Info.plist;
				INFOPLIST_KEY_UIApplicationSupportsIndirectInputEvents = YES;
				INFOPLIST_KEY_UILaunchStoryboardName = LaunchScreen;
				INFOPLIST_KEY_UIMainStoryboardFile = Main;
				INFOPLIST_KEY_UISupportedInterfaceOrientations_iPad = "UIInterfaceOrientationPortrait UIInterfaceOrientationPortraitUpsideDown UIInterfaceOrientationLandscapeLeft UIInterfaceOrientationLandscapeRight";
				INFOPLIST_KEY_UISupportedInterfaceOrientations_iPhone = "UIInterfaceOrientationPortrait UIInterfaceOrientationLandscapeLeft UIInterfaceOrientationLandscapeRight";
				IPHONEOS_DEPLOYMENT_TARGET = 16.0;
				LD_RUNPATH_SEARCH_PATHS = (
					"$(inherited)",
					"@executable_path/Frameworks",
				);
				MARKETING_VERSION = 1.0;
				PRODUCT_BUNDLE_IDENTIFIER = kr.co.fastcampus.Diary;
				PRODUCT_NAME = "$(TARGET_NAME)";
				SWIFT_EMIT_LOC_STRINGS = YES;
				SWIFT_VERSION = 5.0;
				TARGETED_DEVICE_FAMILY = "1,2";
			};
			name = Release;
		};
/* End XCBuildConfiguration section */

/* Begin XCConfigurationList section */
		5CC7D55F2989F5DD009AE1BC /* Build configuration list for PBXProject "Diary" */ = {
			isa = XCConfigurationList;
			buildConfigurations = (
				5CC7D5762989F5DE009AE1BC /* Debug */,
				5CC7D5772989F5DE009AE1BC /* Release */,
			);
			defaultConfigurationIsVisible = 0;
			defaultConfigurationName = Release;
		};
		5CC7D5782989F5DE009AE1BC /* Build configuration list for PBXNativeTarget "Diary" */ = {
			isa = XCConfigurationList;
			buildConfigurations = (
				5CC7D5792989F5DE009AE1BC /* Debug */,
				5CC7D57A2989F5DE009AE1BC /* Release */,
			);
			defaultConfigurationIsVisible = 0;
			defaultConfigurationName = Release;
		};
/* End XCConfigurationList section */
	};
	rootObject = 5CC7D55C2989F5DD009AE1BC /* Project object */;
}
