// !$*UTF8*$!
{
	archiveVersion = 1;
	classes = {
	};
	objectVersion = 56;
	objects = {

/* Begin PBXBuildFile section */
		5C54F66929A59DCF0069B13F /* AppDelegate.swift in Sources */ = {isa = PBXBuildFile; fileRef = 5C54F66829A59DCF0069B13F /* AppDelegate.swift */; };
		5C54F66B29A59DCF0069B13F /* SceneDelegate.swift in Sources */ = {isa = PBXBuildFile; fileRef = 5C54F66A29A59DCF0069B13F /* SceneDelegate.swift */; };
		5C54F66D29A59DCF0069B13F /* StationSearchViewController.swift in Sources */ = {isa = PBXBuildFile; fileRef = 5C54F66C29A59DCF0069B13F /* StationSearchViewController.swift */; };
		5C54F67229A59DD00069B13F /* Assets.xcassets in Resources */ = {isa = PBXBuildFile; fileRef = 5C54F67129A59DD00069B13F /* Assets.xcassets */; };
		5C54F67529A59DD00069B13F /* LaunchScreen.storyboard in Resources */ = {isa = PBXBuildFile; fileRef = 5C54F67329A59DD00069B13F /* LaunchScreen.storyboard */; };
		5C54F67E29A59E0C0069B13F /* SnapKit in Frameworks */ = {isa = PBXBuildFile; productRef = 5C54F67D29A59E0C0069B13F /* SnapKit */; };
		5C54F68129A59E4E0069B13F /* Alamofire in Frameworks */ = {isa = PBXBuildFile; productRef = 5C54F68029A59E4E0069B13F /* Alamofire */; };
		5C54F68429A5A5CC0069B13F /* StationDetailViewController.swift in Sources */ = {isa = PBXBuildFile; fileRef = 5C54F68329A5A5CC0069B13F /* StationDetailViewController.swift */; };
		5C54F68629A5AADB0069B13F /* StationDetailCollectionViewCell.swift in Sources */ = {isa = PBXBuildFile; fileRef = 5C54F68529A5AADB0069B13F /* StationDetailCollectionViewCell.swift */; };
		5C54F68829A5B3D30069B13F /* StationResponseModel.swift in Sources */ = {isa = PBXBuildFile; fileRef = 5C54F68729A5B3D30069B13F /* StationResponseModel.swift */; };
		5C54F68A29A5BD520069B13F /* StationArrivalDataResponseModel.swift in Sources */ = {isa = PBXBuildFile; fileRef = 5C54F68929A5BD520069B13F /* StationArrivalDataResponseModel.swift */; };
/* End PBXBuildFile section */

/* Begin PBXFileReference section */
		5C54F66529A59DCF0069B13F /* Subway.app */ = {isa = PBXFileReference; explicitFileType = wrapper.application; includeInIndex = 0; path = Subway.app; sourceTree = BUILT_PRODUCTS_DIR; };
		5C54F66829A59DCF0069B13F /* AppDelegate.swift */ = {isa = PBXFileReference; lastKnownFileType = sourcecode.swift; path = AppDelegate.swift; sourceTree = "<group>"; };
		5C54F66A29A59DCF0069B13F /* SceneDelegate.swift */ = {isa = PBXFileReference; lastKnownFileType = sourcecode.swift; path = SceneDelegate.swift; sourceTree = "<group>"; };
		5C54F66C29A59DCF0069B13F /* StationSearchViewController.swift */ = {isa = PBXFileReference; lastKnownFileType = sourcecode.swift; path = StationSearchViewController.swift; sourceTree = "<group>"; };
		5C54F67129A59DD00069B13F /* Assets.xcassets */ = {isa = PBXFileReference; lastKnownFileType = folder.assetcatalog; path = Assets.xcassets; sourceTree = "<group>"; };
		5C54F67429A59DD00069B13F /* Base */ = {isa = PBXFileReference; lastKnownFileType = file.storyboard; name = Base; path = Base.lproj/LaunchScreen.storyboard; sourceTree = "<group>"; };
		5C54F67629A59DD00069B13F /* Info.plist */ = {isa = PBXFileReference; lastKnownFileType = text.plist.xml; path = Info.plist; sourceTree = "<group>"; };
		5C54F68329A5A5CC0069B13F /* StationDetailViewController.swift */ = {isa = PBXFileReference; lastKnownFileType = sourcecode.swift; path = StationDetailViewController.swift; sourceTree = "<group>"; };
		5C54F68529A5AADB0069B13F /* StationDetailCollectionViewCell.swift */ = {isa = PBXFileReference; lastKnownFileType = sourcecode.swift; path = StationDetailCollectionViewCell.swift; sourceTree = "<group>"; };
		5C54F68729A5B3D30069B13F /* StationResponseModel.swift */ = {isa = PBXFileReference; lastKnownFileType = sourcecode.swift; path = StationResponseModel.swift; sourceTree = "<group>"; };
		5C54F68929A5BD520069B13F /* StationArrivalDataResponseModel.swift */ = {isa = PBXFileReference; lastKnownFileType = sourcecode.swift; path = StationArrivalDataResponseModel.swift; sourceTree = "<group>"; };
/* End PBXFileReference section */

/* Begin PBXFrameworksBuildPhase section */
		5C54F66229A59DCF0069B13F /* Frameworks */ = {
			isa = PBXFrameworksBuildPhase;
			buildActionMask = 2147483647;
			files = (
				5C54F67E29A59E0C0069B13F /* SnapKit in Frameworks */,
				5C54F68129A59E4E0069B13F /* Alamofire in Frameworks */,
			);
			runOnlyForDeploymentPostprocessing = 0;
		};
/* End PBXFrameworksBuildPhase section */

/* Begin PBXGroup section */
		5C54F65C29A59DCF0069B13F = {
			isa = PBXGroup;
			children = (
				5C54F66729A59DCF0069B13F /* Subway */,
				5C54F66629A59DCF0069B13F /* Products */,
			);
			sourceTree = "<group>";
		};
		5C54F66629A59DCF0069B13F /* Products */ = {
			isa = PBXGroup;
			children = (
				5C54F66529A59DCF0069B13F /* Subway.app */,
			);
			name = Products;
			sourceTree = "<group>";
		};
		5C54F66729A59DCF0069B13F /* Subway */ = {
			isa = PBXGroup;
			children = (
				5C54F66829A59DCF0069B13F /* AppDelegate.swift */,
				5C54F66A29A59DCF0069B13F /* SceneDelegate.swift */,
				5C54F68729A5B3D30069B13F /* StationResponseModel.swift */,
				5C54F68929A5BD520069B13F /* StationArrivalDataResponseModel.swift */,
				5C54F68229A5A5B30069B13F /* Scenes */,
				5C54F67129A59DD00069B13F /* Assets.xcassets */,
				5C54F67329A59DD00069B13F /* LaunchScreen.storyboard */,
				5C54F67629A59DD00069B13F /* Info.plist */,
			);
			path = Subway;
			sourceTree = "<group>";
		};
		5C54F68229A5A5B30069B13F /* Scenes */ = {
			isa = PBXGroup;
			children = (
				5C54F66C29A59DCF0069B13F /* StationSearchViewController.swift */,
				5C54F68329A5A5CC0069B13F /* StationDetailViewController.swift */,
				5C54F68529A5AADB0069B13F /* StationDetailCollectionViewCell.swift */,
			);
			path = Scenes;
			sourceTree = "<group>";
		};
/* End PBXGroup section */

/* Begin PBXNativeTarget section */
		5C54F66429A59DCF0069B13F /* Subway */ = {
			isa = PBXNativeTarget;
			buildConfigurationList = 5C54F67929A59DD00069B13F /* Build configuration list for PBXNativeTarget "Subway" */;
			buildPhases = (
				5C54F66129A59DCF0069B13F /* Sources */,
				5C54F66229A59DCF0069B13F /* Frameworks */,
				5C54F66329A59DCF0069B13F /* Resources */,
			);
			buildRules = (
			);
			dependencies = (
			);
			name = Subway;
			packageProductDependencies = (
				5C54F67D29A59E0C0069B13F /* SnapKit */,
				5C54F68029A59E4E0069B13F /* Alamofire */,
			);
			productName = Subway;
			productReference = 5C54F66529A59DCF0069B13F /* Subway.app */;
			productType = "com.apple.product-type.application";
		};
/* End PBXNativeTarget section */

/* Begin PBXProject section */
		5C54F65D29A59DCF0069B13F /* Project object */ = {
			isa = PBXProject;
			attributes = {
				BuildIndependentTargetsInParallel = 1;
				LastSwiftUpdateCheck = 1420;
				LastUpgradeCheck = 1420;
				TargetAttributes = {
					5C54F66429A59DCF0069B13F = {
						CreatedOnToolsVersion = 14.2;
					};
				};
			};
			buildConfigurationList = 5C54F66029A59DCF0069B13F /* Build configuration list for PBXProject "Subway" */;
			compatibilityVersion = "Xcode 14.0";
			developmentRegion = en;
			hasScannedForEncodings = 0;
			knownRegions = (
				en,
				Base,
			);
			mainGroup = 5C54F65C29A59DCF0069B13F;
			packageReferences = (
				5C54F67C29A59E0C0069B13F /* XCRemoteSwiftPackageReference "SnapKit" */,
				5C54F67F29A59E4E0069B13F /* XCRemoteSwiftPackageReference "Alamofire" */,
			);
			productRefGroup = 5C54F66629A59DCF0069B13F /* Products */;
			projectDirPath = "";
			projectRoot = "";
			targets = (
				5C54F66429A59DCF0069B13F /* Subway */,
			);
		};
/* End PBXProject section */

/* Begin PBXResourcesBuildPhase section */
		5C54F66329A59DCF0069B13F /* Resources */ = {
			isa = PBXResourcesBuildPhase;
			buildActionMask = 2147483647;
			files = (
				5C54F67529A59DD00069B13F /* LaunchScreen.storyboard in Resources */,
				5C54F67229A59DD00069B13F /* Assets.xcassets in Resources */,
			);
			runOnlyForDeploymentPostprocessing = 0;
		};
/* End PBXResourcesBuildPhase section */

/* Begin PBXSourcesBuildPhase section */
		5C54F66129A59DCF0069B13F /* Sources */ = {
			isa = PBXSourcesBuildPhase;
			buildActionMask = 2147483647;
			files = (
				5C54F68429A5A5CC0069B13F /* StationDetailViewController.swift in Sources */,
				5C54F68829A5B3D30069B13F /* StationResponseModel.swift in Sources */,
				5C54F66D29A59DCF0069B13F /* StationSearchViewController.swift in Sources */,
				5C54F68A29A5BD520069B13F /* StationArrivalDataResponseModel.swift in Sources */,
				5C54F66929A59DCF0069B13F /* AppDelegate.swift in Sources */,
				5C54F68629A5AADB0069B13F /* StationDetailCollectionViewCell.swift in Sources */,
				5C54F66B29A59DCF0069B13F /* SceneDelegate.swift in Sources */,
			);
			runOnlyForDeploymentPostprocessing = 0;
		};
/* End PBXSourcesBuildPhase section */

/* Begin PBXVariantGroup section */
		5C54F67329A59DD00069B13F /* LaunchScreen.storyboard */ = {
			isa = PBXVariantGroup;
			children = (
				5C54F67429A59DD00069B13F /* Base */,
			);
			name = LaunchScreen.storyboard;
			sourceTree = "<group>";
		};
/* End PBXVariantGroup section */

/* Begin XCBuildConfiguration section */
		5C54F67729A59DD00069B13F /* Debug */ = {
			isa = XCBuildConfiguration;
			buildSettings = {
				ALWAYS_SEARCH_USER_PATHS = NO;
				CLANG_ANALYZER_NONNULL = YES;
				CLANG_ANALYZER_NUMBER_OBJECT_CONVERSION = YES_AGGRESSIVE;
				CLANG_CXX_LANGUAGE_STANDARD = "gnu++20";
				CLANG_ENABLE_MODULES = YES;
				CLANG_ENABLE_OBJC_ARC = YES;
				CLANG_ENABLE_OBJC_WEAK = YES;
				CLANG_WARN_BLOCK_CAPTURE_AUTORELEASING = YES;
				CLANG_WARN_BOOL_CONVERSION = YES;
				CLANG_WARN_COMMA = YES;
				CLANG_WARN_CONSTANT_CONVERSION = YES;
				CLANG_WARN_DEPRECATED_OBJC_IMPLEMENTATIONS = YES;
				CLANG_WARN_DIRECT_OBJC_ISA_USAGE = YES_ERROR;
				CLANG_WARN_DOCUMENTATION_COMMENTS = YES;
				CLANG_WARN_EMPTY_BODY = YES;
				CLANG_WARN_ENUM_CONVERSION = YES;
				CLANG_WARN_INFINITE_RECURSION = YES;
				CLANG_WARN_INT_CONVERSION = YES;
				CLANG_WARN_NON_LITERAL_NULL_CONVERSION = YES;
				CLANG_WARN_OBJC_IMPLICIT_RETAIN_SELF = YES;
				CLANG_WARN_OBJC_LITERAL_CONVERSION = YES;
				CLANG_WARN_OBJC_ROOT_CLASS = YES_ERROR;
				CLANG_WARN_QUOTED_INCLUDE_IN_FRAMEWORK_HEADER = YES;
				CLANG_WARN_RANGE_LOOP_ANALYSIS = YES;
				CLANG_WARN_STRICT_PROTOTYPES = YES;
				CLANG_WARN_SUSPICIOUS_MOVE = YES;
				CLANG_WARN_UNGUARDED_AVAILABILITY = YES_AGGRESSIVE;
				CLANG_WARN_UNREACHABLE_CODE = YES;
				CLANG_WARN__DUPLICATE_METHOD_MATCH = YES;
				COPY_PHASE_STRIP = NO;
				DEBUG_INFORMATION_FORMAT = dwarf;
				ENABLE_STRICT_OBJC_MSGSEND = YES;
				ENABLE_TESTABILITY = YES;
				GCC_C_LANGUAGE_STANDARD = gnu11;
				GCC_DYNAMIC_NO_PIC = NO;
				GCC_NO_COMMON_BLOCKS = YES;
				GCC_OPTIMIZATION_LEVEL = 0;
				GCC_PREPROCESSOR_DEFINITIONS = (
					"DEBUG=1",
					"$(inherited)",
				);
				GCC_WARN_64_TO_32_BIT_CONVERSION = YES;
				GCC_WARN_ABOUT_RETURN_TYPE = YES_ERROR;
				GCC_WARN_UNDECLARED_SELECTOR = YES;
				GCC_WARN_UNINITIALIZED_AUTOS = YES_AGGRESSIVE;
				GCC_WARN_UNUSED_FUNCTION = YES;
				GCC_WARN_UNUSED_VARIABLE = YES;
				IPHONEOS_DEPLOYMENT_TARGET = 16.2;
				MTL_ENABLE_DEBUG_INFO = INCLUDE_SOURCE;
				MTL_FAST_MATH = YES;
				ONLY_ACTIVE_ARCH = YES;
				SDKROOT = iphoneos;
				SWIFT_ACTIVE_COMPILATION_CONDITIONS = DEBUG;
				SWIFT_OPTIMIZATION_LEVEL = "-Onone";
			};
			name = Debug;
		};
		5C54F67829A59DD00069B13F /* Release */ = {
			isa = XCBuildConfiguration;
			buildSettings = {
				ALWAYS_SEARCH_USER_PATHS = NO;
				CLANG_ANALYZER_NONNULL = YES;
				CLANG_ANALYZER_NUMBER_OBJECT_CONVERSION = YES_AGGRESSIVE;
				CLANG_CXX_LANGUAGE_STANDARD = "gnu++20";
				CLANG_ENABLE_MODULES = YES;
				CLANG_ENABLE_OBJC_ARC = YES;
				CLANG_ENABLE_OBJC_WEAK = YES;
				CLANG_WARN_BLOCK_CAPTURE_AUTORELEASING = YES;
				CLANG_WARN_BOOL_CONVERSION = YES;
				CLANG_WARN_COMMA = YES;
				CLANG_WARN_CONSTANT_CONVERSION = YES;
				CLANG_WARN_DEPRECATED_OBJC_IMPLEMENTATIONS = YES;
				CLANG_WARN_DIRECT_OBJC_ISA_USAGE = YES_ERROR;
				CLANG_WARN_DOCUMENTATION_COMMENTS = YES;
				CLANG_WARN_EMPTY_BODY = YES;
				CLANG_WARN_ENUM_CONVERSION = YES;
				CLANG_WARN_INFINITE_RECURSION = YES;
				CLANG_WARN_INT_CONVERSION = YES;
				CLANG_WARN_NON_LITERAL_NULL_CONVERSION = YES;
				CLANG_WARN_OBJC_IMPLICIT_RETAIN_SELF = YES;
				CLANG_WARN_OBJC_LITERAL_CONVERSION = YES;
				CLANG_WARN_OBJC_ROOT_CLASS = YES_ERROR;
				CLANG_WARN_QUOTED_INCLUDE_IN_FRAMEWORK_HEADER = YES;
				CLANG_WARN_RANGE_LOOP_ANALYSIS = YES;
				CLANG_WARN_STRICT_PROTOTYPES = YES;
				CLANG_WARN_SUSPICIOUS_MOVE = YES;
				CLANG_WARN_UNGUARDED_AVAILABILITY = YES_AGGRESSIVE;
				CLANG_WARN_UNREACHABLE_CODE = YES;
				CLANG_WARN__DUPLICATE_METHOD_MATCH = YES;
				COPY_PHASE_STRIP = NO;
				DEBUG_INFORMATION_FORMAT = "dwarf-with-dsym";
				ENABLE_NS_ASSERTIONS = NO;
				ENABLE_STRICT_OBJC_MSGSEND = YES;
				GCC_C_LANGUAGE_STANDARD = gnu11;
				GCC_NO_COMMON_BLOCKS = YES;
				GCC_WARN_64_TO_32_BIT_CONVERSION = YES;
				GCC_WARN_ABOUT_RETURN_TYPE = YES_ERROR;
				GCC_WARN_UNDECLARED_SELECTOR = YES;
				GCC_WARN_UNINITIALIZED_AUTOS = YES_AGGRESSIVE;
				GCC_WARN_UNUSED_FUNCTION = YES;
				GCC_WARN_UNUSED_VARIABLE = YES;
				IPHONEOS_DEPLOYMENT_TARGET = 16.2;
				MTL_ENABLE_DEBUG_INFO = NO;
				MTL_FAST_MATH = YES;
				SDKROOT = iphoneos;
				SWIFT_COMPILATION_MODE = wholemodule;
				SWIFT_OPTIMIZATION_LEVEL = "-O";
				VALIDATE_PRODUCT = YES;
			};
			name = Release;
		};
		5C54F67A29A59DD00069B13F /* Debug */ = {
			isa = XCBuildConfiguration;
			buildSettings = {
				ASSETCATALOG_COMPILER_APPICON_NAME = AppIcon;
				ASSETCATALOG_COMPILER_GLOBAL_ACCENT_COLOR_NAME = AccentColor;
				CODE_SIGN_STYLE = Automatic;
				CURRENT_PROJECT_VERSION = 1;
				DEVELOPMENT_TEAM = XRWYG766B9;
				GENERATE_INFOPLIST_FILE = YES;
				INFOPLIST_FILE = Subway/Info.plist;
				INFOPLIST_KEY_UIApplicationSupportsIndirectInputEvents = YES;
				INFOPLIST_KEY_UILaunchStoryboardName = LaunchScreen;
				INFOPLIST_KEY_UISupportedInterfaceOrientations_iPad = "UIInterfaceOrientationPortrait UIInterfaceOrientationPortraitUpsideDown UIInterfaceOrientationLandscapeLeft UIInterfaceOrientationLandscapeRight";
				INFOPLIST_KEY_UISupportedInterfaceOrientations_iPhone = "UIInterfaceOrientationPortrait UIInterfaceOrientationLandscapeLeft UIInterfaceOrientationLandscapeRight";
				IPHONEOS_DEPLOYMENT_TARGET = 13.0;
				LD_RUNPATH_SEARCH_PATHS = (
					"$(inherited)",
					"@executable_path/Frameworks",
				);
				MARKETING_VERSION = 1.0;
				PRODUCT_BUNDLE_IDENTIFIER = kr.co.fastcampus.se.heo.Subway;
				PRODUCT_NAME = "$(TARGET_NAME)";
				SWIFT_EMIT_LOC_STRINGS = YES;
				SWIFT_VERSION = 5.0;
				TARGETED_DEVICE_FAMILY = "1,2";
			};
			name = Debug;
		};
		5C54F67B29A59DD00069B13F /* Release */ = {
			isa = XCBuildConfiguration;
			buildSettings = {
				ASSETCATALOG_COMPILER_APPICON_NAME = AppIcon;
				ASSETCATALOG_COMPILER_GLOBAL_ACCENT_COLOR_NAME = AccentColor;
				CODE_SIGN_STYLE = Automatic;
				CURRENT_PROJECT_VERSION = 1;
				DEVELOPMENT_TEAM = XRWYG766B9;
				GENERATE_INFOPLIST_FILE = YES;
				INFOPLIST_FILE = Subway/Info.plist;
				INFOPLIST_KEY_UIApplicationSupportsIndirectInputEvents = YES;
				INFOPLIST_KEY_UILaunchStoryboardName = LaunchScreen;
				INFOPLIST_KEY_UISupportedInterfaceOrientations_iPad = "UIInterfaceOrientationPortrait UIInterfaceOrientationPortraitUpsideDown UIInterfaceOrientationLandscapeLeft UIInterfaceOrientationLandscapeRight";
				INFOPLIST_KEY_UISupportedInterfaceOrientations_iPhone = "UIInterfaceOrientationPortrait UIInterfaceOrientationLandscapeLeft UIInterfaceOrientationLandscapeRight";
				IPHONEOS_DEPLOYMENT_TARGET = 13.0;
				LD_RUNPATH_SEARCH_PATHS = (
					"$(inherited)",
					"@executable_path/Frameworks",
				);
				MARKETING_VERSION = 1.0;
				PRODUCT_BUNDLE_IDENTIFIER = kr.co.fastcampus.se.heo.Subway;
				PRODUCT_NAME = "$(TARGET_NAME)";
				SWIFT_EMIT_LOC_STRINGS = YES;
				SWIFT_VERSION = 5.0;
				TARGETED_DEVICE_FAMILY = "1,2";
			};
			name = Release;
		};
/* End XCBuildConfiguration section */

/* Begin XCConfigurationList section */
		5C54F66029A59DCF0069B13F /* Build configuration list for PBXProject "Subway" */ = {
			isa = XCConfigurationList;
			buildConfigurations = (
				5C54F67729A59DD00069B13F /* Debug */,
				5C54F67829A59DD00069B13F /* Release */,
			);
			defaultConfigurationIsVisible = 0;
			defaultConfigurationName = Release;
		};
		5C54F67929A59DD00069B13F /* Build configuration list for PBXNativeTarget "Subway" */ = {
			isa = XCConfigurationList;
			buildConfigurations = (
				5C54F67A29A59DD00069B13F /* Debug */,
				5C54F67B29A59DD00069B13F /* Release */,
			);
			defaultConfigurationIsVisible = 0;
			defaultConfigurationName = Release;
		};
/* End XCConfigurationList section */

/* Begin XCRemoteSwiftPackageReference section */
		5C54F67C29A59E0C0069B13F /* XCRemoteSwiftPackageReference "SnapKit" */ = {
			isa = XCRemoteSwiftPackageReference;
			repositoryURL = "https://github.com/SnapKit/SnapKit.git";
			requirement = {
				kind = upToNextMajorVersion;
				minimumVersion = 5.0.0;
			};
		};
		5C54F67F29A59E4E0069B13F /* XCRemoteSwiftPackageReference "Alamofire" */ = {
			isa = XCRemoteSwiftPackageReference;
			repositoryURL = "https://github.com/Alamofire/Alamofire.git";
			requirement = {
				kind = upToNextMajorVersion;
				minimumVersion = 5.0.0;
			};
		};
/* End XCRemoteSwiftPackageReference section */

/* Begin XCSwiftPackageProductDependency section */
		5C54F67D29A59E0C0069B13F /* SnapKit */ = {
			isa = XCSwiftPackageProductDependency;
			package = 5C54F67C29A59E0C0069B13F /* XCRemoteSwiftPackageReference "SnapKit" */;
			productName = SnapKit;
		};
		5C54F68029A59E4E0069B13F /* Alamofire */ = {
			isa = XCSwiftPackageProductDependency;
			package = 5C54F67F29A59E4E0069B13F /* XCRemoteSwiftPackageReference "Alamofire" */;
			productName = Alamofire;
		};
/* End XCSwiftPackageProductDependency section */
	};
	rootObject = 5C54F65D29A59DCF0069B13F /* Project object */;
}
