// !$*UTF8*$!
{
	archiveVersion = 1;
	classes = {
	};
	objectVersion = 56;
	objects = {

/* Begin PBXBuildFile section */
		5CBC662029A1800A007BF31F /* CreditCardDummy.swift in Sources */ = {isa = PBXBuildFile; fileRef = 5CBC661F29A1800A007BF31F /* CreditCardDummy.swift */; };
		5CC5106029A0DE0500387BA8 /* AppDelegate.swift in Sources */ = {isa = PBXBuildFile; fileRef = 5CC5105F29A0DE0500387BA8 /* AppDelegate.swift */; };
		5CC5106229A0DE0500387BA8 /* SceneDelegate.swift in Sources */ = {isa = PBXBuildFile; fileRef = 5CC5106129A0DE0500387BA8 /* SceneDelegate.swift */; };
		5CC5106729A0DE0500387BA8 /* Main.storyboard in Resources */ = {isa = PBXBuildFile; fileRef = 5CC5106529A0DE0500387BA8 /* Main.storyboard */; };
		5CC5106929A0DE0600387BA8 /* Assets.xcassets in Resources */ = {isa = PBXBuildFile; fileRef = 5CC5106829A0DE0600387BA8 /* Assets.xcassets */; };
		5CC5106C29A0DE0600387BA8 /* LaunchScreen.storyboard in Resources */ = {isa = PBXBuildFile; fileRef = 5CC5106A29A0DE0600387BA8 /* LaunchScreen.storyboard */; };
		5CC5107429A0DE1900387BA8 /* CardListViewController.swift in Sources */ = {isa = PBXBuildFile; fileRef = 5CC5107329A0DE1900387BA8 /* CardListViewController.swift */; };
		5CC5107629A0F3BC00387BA8 /* CreditCard.swift in Sources */ = {isa = PBXBuildFile; fileRef = 5CC5107529A0F3BC00387BA8 /* CreditCard.swift */; };
		5CC5107F29A1005F00387BA8 /* CardListCell.swift in Sources */ = {isa = PBXBuildFile; fileRef = 5CC5107D29A1005F00387BA8 /* CardListCell.swift */; };
		5CC5108029A1005F00387BA8 /* CardListCell.xib in Resources */ = {isa = PBXBuildFile; fileRef = 5CC5107E29A1005F00387BA8 /* CardListCell.xib */; };
		5CC5108229A103EE00387BA8 /* CardDetailViewController.swift in Sources */ = {isa = PBXBuildFile; fileRef = 5CC5108129A103EE00387BA8 /* CardDetailViewController.swift */; };
		5CC5108429A110AF00387BA8 /* money.json in Resources */ = {isa = PBXBuildFile; fileRef = 5CC5108329A110AF00387BA8 /* money.json */; };
		5CC5108829A116BE00387BA8 /* GoogleService-Info.plist in Resources */ = {isa = PBXBuildFile; fileRef = 5CC5108729A116BE00387BA8 /* GoogleService-Info.plist */; };
		8485930D483769AE9E7A6AD1 /* Pods_CreditCardList.framework in Frameworks */ = {isa = PBXBuildFile; fileRef = 62A68F61BB844BB7A8E13CF2 /* Pods_CreditCardList.framework */; };
/* End PBXBuildFile section */

/* Begin PBXFileReference section */
		5556FF123E5A05966F5CDAB2 /* Pods-CreditCardList.debug.xcconfig */ = {isa = PBXFileReference; includeInIndex = 1; lastKnownFileType = text.xcconfig; name = "Pods-CreditCardList.debug.xcconfig"; path = "Target Support Files/Pods-CreditCardList/Pods-CreditCardList.debug.xcconfig"; sourceTree = "<group>"; };
		5CBC661F29A1800A007BF31F /* CreditCardDummy.swift */ = {isa = PBXFileReference; fileEncoding = 4; lastKnownFileType = sourcecode.swift; name = CreditCardDummy.swift; path = "../../../../Downloads/[패스트캠퍼스] 30개 프로젝트로 배우는 iOS 앱 개발 with Swift 초격차 패키지 /Part 3/Ch2_CreditCardList/CreditCardDummy.swift"; sourceTree = "<group>"; };
		5CC5105C29A0DE0500387BA8 /* CreditCardList.app */ = {isa = PBXFileReference; explicitFileType = wrapper.application; includeInIndex = 0; path = CreditCardList.app; sourceTree = BUILT_PRODUCTS_DIR; };
		5CC5105F29A0DE0500387BA8 /* AppDelegate.swift */ = {isa = PBXFileReference; lastKnownFileType = sourcecode.swift; path = AppDelegate.swift; sourceTree = "<group>"; };
		5CC5106129A0DE0500387BA8 /* SceneDelegate.swift */ = {isa = PBXFileReference; lastKnownFileType = sourcecode.swift; path = SceneDelegate.swift; sourceTree = "<group>"; };
		5CC5106629A0DE0500387BA8 /* Base */ = {isa = PBXFileReference; lastKnownFileType = file.storyboard; name = Base; path = Base.lproj/Main.storyboard; sourceTree = "<group>"; };
		5CC5106829A0DE0600387BA8 /* Assets.xcassets */ = {isa = PBXFileReference; lastKnownFileType = folder.assetcatalog; path = Assets.xcassets; sourceTree = "<group>"; };
		5CC5106B29A0DE0600387BA8 /* Base */ = {isa = PBXFileReference; lastKnownFileType = file.storyboard; name = Base; path = Base.lproj/LaunchScreen.storyboard; sourceTree = "<group>"; };
		5CC5106D29A0DE0600387BA8 /* Info.plist */ = {isa = PBXFileReference; lastKnownFileType = text.plist.xml; path = Info.plist; sourceTree = "<group>"; };
		5CC5107329A0DE1900387BA8 /* CardListViewController.swift */ = {isa = PBXFileReference; lastKnownFileType = sourcecode.swift; path = CardListViewController.swift; sourceTree = "<group>"; };
		5CC5107529A0F3BC00387BA8 /* CreditCard.swift */ = {isa = PBXFileReference; lastKnownFileType = sourcecode.swift; path = CreditCard.swift; sourceTree = "<group>"; };
		5CC5107D29A1005F00387BA8 /* CardListCell.swift */ = {isa = PBXFileReference; lastKnownFileType = sourcecode.swift; path = CardListCell.swift; sourceTree = "<group>"; };
		5CC5107E29A1005F00387BA8 /* CardListCell.xib */ = {isa = PBXFileReference; lastKnownFileType = file.xib; path = CardListCell.xib; sourceTree = "<group>"; };
		5CC5108129A103EE00387BA8 /* CardDetailViewController.swift */ = {isa = PBXFileReference; lastKnownFileType = sourcecode.swift; path = CardDetailViewController.swift; sourceTree = "<group>"; };
		5CC5108329A110AF00387BA8 /* money.json */ = {isa = PBXFileReference; fileEncoding = 4; lastKnownFileType = text.json; name = money.json; path = "../../../../Downloads/[패스트캠퍼스] 30개 프로젝트로 배우는 iOS 앱 개발 with Swift 초격차 패키지 /Part 3/Ch2_CreditCardList/money.json"; sourceTree = "<group>"; };
		5CC5108729A116BE00387BA8 /* GoogleService-Info.plist */ = {isa = PBXFileReference; fileEncoding = 4; lastKnownFileType = text.plist.xml; name = "GoogleService-Info.plist"; path = "../../../../Downloads/GoogleService-Info.plist"; sourceTree = "<group>"; };
		62A68F61BB844BB7A8E13CF2 /* Pods_CreditCardList.framework */ = {isa = PBXFileReference; explicitFileType = wrapper.framework; includeInIndex = 0; path = Pods_CreditCardList.framework; sourceTree = BUILT_PRODUCTS_DIR; };
		8E41FF1F4057181BB41EE9B6 /* Pods-CreditCardList.release.xcconfig */ = {isa = PBXFileReference; includeInIndex = 1; lastKnownFileType = text.xcconfig; name = "Pods-CreditCardList.release.xcconfig"; path = "Target Support Files/Pods-CreditCardList/Pods-CreditCardList.release.xcconfig"; sourceTree = "<group>"; };
/* End PBXFileReference section */

/* Begin PBXFrameworksBuildPhase section */
		5CC5105929A0DE0500387BA8 /* Frameworks */ = {
			isa = PBXFrameworksBuildPhase;
			buildActionMask = 2147483647;
			files = (
				8485930D483769AE9E7A6AD1 /* Pods_CreditCardList.framework in Frameworks */,
			);
			runOnlyForDeploymentPostprocessing = 0;
		};
/* End PBXFrameworksBuildPhase section */

/* Begin PBXGroup section */
		5C65125CFC21685E14FDF577 /* Pods */ = {
			isa = PBXGroup;
			children = (
				5556FF123E5A05966F5CDAB2 /* Pods-CreditCardList.debug.xcconfig */,
				8E41FF1F4057181BB41EE9B6 /* Pods-CreditCardList.release.xcconfig */,
			);
			path = Pods;
			sourceTree = "<group>";
		};
		5CC5105329A0DE0500387BA8 = {
			isa = PBXGroup;
			children = (
				5CC5105E29A0DE0500387BA8 /* CreditCardList */,
				5CC5105D29A0DE0500387BA8 /* Products */,
				5C65125CFC21685E14FDF577 /* Pods */,
				B9F2BDB619F17561B9B06F37 /* Frameworks */,
			);
			sourceTree = "<group>";
		};
		5CC5105D29A0DE0500387BA8 /* Products */ = {
			isa = PBXGroup;
			children = (
				5CC5105C29A0DE0500387BA8 /* CreditCardList.app */,
			);
			name = Products;
			sourceTree = "<group>";
		};
		5CC5105E29A0DE0500387BA8 /* CreditCardList */ = {
			isa = PBXGroup;
			children = (
				5CC5108329A110AF00387BA8 /* money.json */,
				5CC5105F29A0DE0500387BA8 /* AppDelegate.swift */,
				5CC5106129A0DE0500387BA8 /* SceneDelegate.swift */,
				5CC5107329A0DE1900387BA8 /* CardListViewController.swift */,
				5CC5107529A0F3BC00387BA8 /* CreditCard.swift */,
				5CC5106529A0DE0500387BA8 /* Main.storyboard */,
				5CC5106829A0DE0600387BA8 /* Assets.xcassets */,
				5CC5106A29A0DE0600387BA8 /* LaunchScreen.storyboard */,
				5CBC661F29A1800A007BF31F /* CreditCardDummy.swift */,
				5CC5106D29A0DE0600387BA8 /* Info.plist */,
				5CC5107D29A1005F00387BA8 /* CardListCell.swift */,
				5CC5107E29A1005F00387BA8 /* CardListCell.xib */,
				5CC5108129A103EE00387BA8 /* CardDetailViewController.swift */,
				5CC5108729A116BE00387BA8 /* GoogleService-Info.plist */,
			);
			path = CreditCardList;
			sourceTree = "<group>";
		};
		B9F2BDB619F17561B9B06F37 /* Frameworks */ = {
			isa = PBXGroup;
			children = (
				62A68F61BB844BB7A8E13CF2 /* Pods_CreditCardList.framework */,
			);
			name = Frameworks;
			sourceTree = "<group>";
		};
/* End PBXGroup section */

/* Begin PBXNativeTarget section */
		5CC5105B29A0DE0500387BA8 /* CreditCardList */ = {
			isa = PBXNativeTarget;
			buildConfigurationList = 5CC5107029A0DE0600387BA8 /* Build configuration list for PBXNativeTarget "CreditCardList" */;
			buildPhases = (
				F406E4BEA14C3CE45F3F4122 /* [CP] Check Pods Manifest.lock */,
				5CC5105829A0DE0500387BA8 /* Sources */,
				5CC5105929A0DE0500387BA8 /* Frameworks */,
				5CC5105A29A0DE0500387BA8 /* Resources */,
				70374A4A5CD81F2BF3BC79C7 /* [CP] Embed Pods Frameworks */,
			);
			buildRules = (
			);
			dependencies = (
			);
			name = CreditCardList;
			productName = CreditCardList;
			productReference = 5CC5105C29A0DE0500387BA8 /* CreditCardList.app */;
			productType = "com.apple.product-type.application";
		};
/* End PBXNativeTarget section */

/* Begin PBXProject section */
		5CC5105429A0DE0500387BA8 /* Project object */ = {
			isa = PBXProject;
			attributes = {
				BuildIndependentTargetsInParallel = 1;
				LastSwiftUpdateCheck = 1420;
				LastUpgradeCheck = 1420;
				TargetAttributes = {
					5CC5105B29A0DE0500387BA8 = {
						CreatedOnToolsVersion = 14.2;
					};
				};
			};
			buildConfigurationList = 5CC5105729A0DE0500387BA8 /* Build configuration list for PBXProject "CreditCardList" */;
			compatibilityVersion = "Xcode 14.0";
			developmentRegion = en;
			hasScannedForEncodings = 0;
			knownRegions = (
				en,
				Base,
			);
			mainGroup = 5CC5105329A0DE0500387BA8;
			productRefGroup = 5CC5105D29A0DE0500387BA8 /* Products */;
			projectDirPath = "";
			projectRoot = "";
			targets = (
				5CC5105B29A0DE0500387BA8 /* CreditCardList */,
			);
		};
/* End PBXProject section */

/* Begin PBXResourcesBuildPhase section */
		5CC5105A29A0DE0500387BA8 /* Resources */ = {
			isa = PBXResourcesBuildPhase;
			buildActionMask = 2147483647;
			files = (
				5CC5106C29A0DE0600387BA8 /* LaunchScreen.storyboard in Resources */,
				5CC5106929A0DE0600387BA8 /* Assets.xcassets in Resources */,
				5CC5108429A110AF00387BA8 /* money.json in Resources */,
				5CC5106729A0DE0500387BA8 /* Main.storyboard in Resources */,
				5CC5108029A1005F00387BA8 /* CardListCell.xib in Resources */,
				5CC5108829A116BE00387BA8 /* GoogleService-Info.plist in Resources */,
			);
			runOnlyForDeploymentPostprocessing = 0;
		};
/* End PBXResourcesBuildPhase section */

/* Begin PBXShellScriptBuildPhase section */
		70374A4A5CD81F2BF3BC79C7 /* [CP] Embed Pods Frameworks */ = {
			isa = PBXShellScriptBuildPhase;
			buildActionMask = 2147483647;
			files = (
			);
			inputFileListPaths = (
				"${PODS_ROOT}/Target Support Files/Pods-CreditCardList/Pods-CreditCardList-frameworks-${CONFIGURATION}-input-files.xcfilelist",
			);
			name = "[CP] Embed Pods Frameworks";
			outputFileListPaths = (
				"${PODS_ROOT}/Target Support Files/Pods-CreditCardList/Pods-CreditCardList-frameworks-${CONFIGURATION}-output-files.xcfilelist",
			);
			runOnlyForDeploymentPostprocessing = 0;
			shellPath = /bin/sh;
			shellScript = "\"${PODS_ROOT}/Target Support Files/Pods-CreditCardList/Pods-CreditCardList-frameworks.sh\"\n";
			showEnvVarsInLog = 0;
		};
		F406E4BEA14C3CE45F3F4122 /* [CP] Check Pods Manifest.lock */ = {
			isa = PBXShellScriptBuildPhase;
			buildActionMask = 2147483647;
			files = (
			);
			inputFileListPaths = (
			);
			inputPaths = (
				"${PODS_PODFILE_DIR_PATH}/Podfile.lock",
				"${PODS_ROOT}/Manifest.lock",
			);
			name = "[CP] Check Pods Manifest.lock";
			outputFileListPaths = (
			);
			outputPaths = (
				"$(DERIVED_FILE_DIR)/Pods-CreditCardList-checkManifestLockResult.txt",
			);
			runOnlyForDeploymentPostprocessing = 0;
			shellPath = /bin/sh;
			shellScript = "diff \"${PODS_PODFILE_DIR_PATH}/Podfile.lock\" \"${PODS_ROOT}/Manifest.lock\" > /dev/null\nif [ $? != 0 ] ; then\n    # print error to STDERR\n    echo \"error: The sandbox is not in sync with the Podfile.lock. Run 'pod install' or update your CocoaPods installation.\" >&2\n    exit 1\nfi\n# This output is used by Xcode 'outputs' to avoid re-running this script phase.\necho \"SUCCESS\" > \"${SCRIPT_OUTPUT_FILE_0}\"\n";
			showEnvVarsInLog = 0;
		};
/* End PBXShellScriptBuildPhase section */

/* Begin PBXSourcesBuildPhase section */
		5CC5105829A0DE0500387BA8 /* Sources */ = {
			isa = PBXSourcesBuildPhase;
			buildActionMask = 2147483647;
			files = (
				5CC5107629A0F3BC00387BA8 /* CreditCard.swift in Sources */,
				5CC5108229A103EE00387BA8 /* CardDetailViewController.swift in Sources */,
				5CC5107F29A1005F00387BA8 /* CardListCell.swift in Sources */,
				5CC5107429A0DE1900387BA8 /* CardListViewController.swift in Sources */,
				5CBC662029A1800A007BF31F /* CreditCardDummy.swift in Sources */,
				5CC5106029A0DE0500387BA8 /* AppDelegate.swift in Sources */,
				5CC5106229A0DE0500387BA8 /* SceneDelegate.swift in Sources */,
			);
			runOnlyForDeploymentPostprocessing = 0;
		};
/* End PBXSourcesBuildPhase section */

/* Begin PBXVariantGroup section */
		5CC5106529A0DE0500387BA8 /* Main.storyboard */ = {
			isa = PBXVariantGroup;
			children = (
				5CC5106629A0DE0500387BA8 /* Base */,
			);
			name = Main.storyboard;
			sourceTree = "<group>";
		};
		5CC5106A29A0DE0600387BA8 /* LaunchScreen.storyboard */ = {
			isa = PBXVariantGroup;
			children = (
				5CC5106B29A0DE0600387BA8 /* Base */,
			);
			name = LaunchScreen.storyboard;
			sourceTree = "<group>";
		};
/* End PBXVariantGroup section */

/* Begin XCBuildConfiguration section */
		5CC5106E29A0DE0600387BA8 /* Debug */ = {
			isa = XCBuildConfiguration;
			buildSettings = {
				ALWAYS_SEARCH_USER_PATHS = NO;
				CLANG_ANALYZER_NONNULL = YES;
				CLANG_ANALYZER_NUMBER_OBJECT_CONVERSION = YES_AGGRESSIVE;
				CLANG_CXX_LANGUAGE_STANDARD = "gnu++20";
				CLANG_ENABLE_MODULES = YES;
				CLANG_ENABLE_OBJC_ARC = YES;
				CLANG_ENABLE_OBJC_WEAK = YES;
				CLANG_WARN_BLOCK_CAPTURE_AUTORELEASING = YES;
				CLANG_WARN_BOOL_CONVERSION = YES;
				CLANG_WARN_COMMA = YES;
				CLANG_WARN_CONSTANT_CONVERSION = YES;
				CLANG_WARN_DEPRECATED_OBJC_IMPLEMENTATIONS = YES;
				CLANG_WARN_DIRECT_OBJC_ISA_USAGE = YES_ERROR;
				CLANG_WARN_DOCUMENTATION_COMMENTS = YES;
				CLANG_WARN_EMPTY_BODY = YES;
				CLANG_WARN_ENUM_CONVERSION = YES;
				CLANG_WARN_INFINITE_RECURSION = YES;
				CLANG_WARN_INT_CONVERSION = YES;
				CLANG_WARN_NON_LITERAL_NULL_CONVERSION = YES;
				CLANG_WARN_OBJC_IMPLICIT_RETAIN_SELF = YES;
				CLANG_WARN_OBJC_LITERAL_CONVERSION = YES;
				CLANG_WARN_OBJC_ROOT_CLASS = YES_ERROR;
				CLANG_WARN_QUOTED_INCLUDE_IN_FRAMEWORK_HEADER = YES;
				CLANG_WARN_RANGE_LOOP_ANALYSIS = YES;
				CLANG_WARN_STRICT_PROTOTYPES = YES;
				CLANG_WARN_SUSPICIOUS_MOVE = YES;
				CLANG_WARN_UNGUARDED_AVAILABILITY = YES_AGGRESSIVE;
				CLANG_WARN_UNREACHABLE_CODE = YES;
				CLANG_WARN__DUPLICATE_METHOD_MATCH = YES;
				COPY_PHASE_STRIP = NO;
				DEBUG_INFORMATION_FORMAT = dwarf;
				ENABLE_STRICT_OBJC_MSGSEND = YES;
				ENABLE_TESTABILITY = YES;
				GCC_C_LANGUAGE_STANDARD = gnu11;
				GCC_DYNAMIC_NO_PIC = NO;
				GCC_NO_COMMON_BLOCKS = YES;
				GCC_OPTIMIZATION_LEVEL = 0;
				GCC_PREPROCESSOR_DEFINITIONS = (
					"DEBUG=1",
					"$(inherited)",
				);
				GCC_WARN_64_TO_32_BIT_CONVERSION = YES;
				GCC_WARN_ABOUT_RETURN_TYPE = YES_ERROR;
				GCC_WARN_UNDECLARED_SELECTOR = YES;
				GCC_WARN_UNINITIALIZED_AUTOS = YES_AGGRESSIVE;
				GCC_WARN_UNUSED_FUNCTION = YES;
				GCC_WARN_UNUSED_VARIABLE = YES;
				IPHONEOS_DEPLOYMENT_TARGET = 16.2;
				MTL_ENABLE_DEBUG_INFO = INCLUDE_SOURCE;
				MTL_FAST_MATH = YES;
				ONLY_ACTIVE_ARCH = YES;
				SDKROOT = iphoneos;
				SWIFT_ACTIVE_COMPILATION_CONDITIONS = DEBUG;
				SWIFT_OPTIMIZATION_LEVEL = "-Onone";
			};
			name = Debug;
		};
		5CC5106F29A0DE0600387BA8 /* Release */ = {
			isa = XCBuildConfiguration;
			buildSettings = {
				ALWAYS_SEARCH_USER_PATHS = NO;
				CLANG_ANALYZER_NONNULL = YES;
				CLANG_ANALYZER_NUMBER_OBJECT_CONVERSION = YES_AGGRESSIVE;
				CLANG_CXX_LANGUAGE_STANDARD = "gnu++20";
				CLANG_ENABLE_MODULES = YES;
				CLANG_ENABLE_OBJC_ARC = YES;
				CLANG_ENABLE_OBJC_WEAK = YES;
				CLANG_WARN_BLOCK_CAPTURE_AUTORELEASING = YES;
				CLANG_WARN_BOOL_CONVERSION = YES;
				CLANG_WARN_COMMA = YES;
				CLANG_WARN_CONSTANT_CONVERSION = YES;
				CLANG_WARN_DEPRECATED_OBJC_IMPLEMENTATIONS = YES;
				CLANG_WARN_DIRECT_OBJC_ISA_USAGE = YES_ERROR;
				CLANG_WARN_DOCUMENTATION_COMMENTS = YES;
				CLANG_WARN_EMPTY_BODY = YES;
				CLANG_WARN_ENUM_CONVERSION = YES;
				CLANG_WARN_INFINITE_RECURSION = YES;
				CLANG_WARN_INT_CONVERSION = YES;
				CLANG_WARN_NON_LITERAL_NULL_CONVERSION = YES;
				CLANG_WARN_OBJC_IMPLICIT_RETAIN_SELF = YES;
				CLANG_WARN_OBJC_LITERAL_CONVERSION = YES;
				CLANG_WARN_OBJC_ROOT_CLASS = YES_ERROR;
				CLANG_WARN_QUOTED_INCLUDE_IN_FRAMEWORK_HEADER = YES;
				CLANG_WARN_RANGE_LOOP_ANALYSIS = YES;
				CLANG_WARN_STRICT_PROTOTYPES = YES;
				CLANG_WARN_SUSPICIOUS_MOVE = YES;
				CLANG_WARN_UNGUARDED_AVAILABILITY = YES_AGGRESSIVE;
				CLANG_WARN_UNREACHABLE_CODE = YES;
				CLANG_WARN__DUPLICATE_METHOD_MATCH = YES;
				COPY_PHASE_STRIP = NO;
				DEBUG_INFORMATION_FORMAT = "dwarf-with-dsym";
				ENABLE_NS_ASSERTIONS = NO;
				ENABLE_STRICT_OBJC_MSGSEND = YES;
				GCC_C_LANGUAGE_STANDARD = gnu11;
				GCC_NO_COMMON_BLOCKS = YES;
				GCC_WARN_64_TO_32_BIT_CONVERSION = YES;
				GCC_WARN_ABOUT_RETURN_TYPE = YES_ERROR;
				GCC_WARN_UNDECLARED_SELECTOR = YES;
				GCC_WARN_UNINITIALIZED_AUTOS = YES_AGGRESSIVE;
				GCC_WARN_UNUSED_FUNCTION = YES;
				GCC_WARN_UNUSED_VARIABLE = YES;
				IPHONEOS_DEPLOYMENT_TARGET = 16.2;
				MTL_ENABLE_DEBUG_INFO = NO;
				MTL_FAST_MATH = YES;
				SDKROOT = iphoneos;
				SWIFT_COMPILATION_MODE = wholemodule;
				SWIFT_OPTIMIZATION_LEVEL = "-O";
				VALIDATE_PRODUCT = YES;
			};
			name = Release;
		};
		5CC5107129A0DE0600387BA8 /* Debug */ = {
			isa = XCBuildConfiguration;
			baseConfigurationReference = 5556FF123E5A05966F5CDAB2 /* Pods-CreditCardList.debug.xcconfig */;
			buildSettings = {
				ASSETCATALOG_COMPILER_APPICON_NAME = AppIcon;
				ASSETCATALOG_COMPILER_GLOBAL_ACCENT_COLOR_NAME = AccentColor;
				CODE_SIGN_STYLE = Automatic;
				CURRENT_PROJECT_VERSION = 1;
				DEVELOPMENT_TEAM = XRWYG766B9;
				GENERATE_INFOPLIST_FILE = YES;
				INFOPLIST_FILE = CreditCardList/Info.plist;
				INFOPLIST_KEY_UIApplicationSupportsIndirectInputEvents = YES;
				INFOPLIST_KEY_UILaunchStoryboardName = LaunchScreen;
				INFOPLIST_KEY_UIMainStoryboardFile = Main;
				INFOPLIST_KEY_UISupportedInterfaceOrientations_iPad = "UIInterfaceOrientationPortrait UIInterfaceOrientationPortraitUpsideDown UIInterfaceOrientationLandscapeLeft UIInterfaceOrientationLandscapeRight";
				INFOPLIST_KEY_UISupportedInterfaceOrientations_iPhone = "UIInterfaceOrientationPortrait UIInterfaceOrientationLandscapeLeft UIInterfaceOrientationLandscapeRight";
				IPHONEOS_DEPLOYMENT_TARGET = 13.0;
				LD_RUNPATH_SEARCH_PATHS = (
					"$(inherited)",
					"@executable_path/Frameworks",
				);
				MARKETING_VERSION = 1.0;
				PRODUCT_BUNDLE_IDENTIFIER = "seongeun-Heo.CreditCardList";
				PRODUCT_NAME = "$(TARGET_NAME)";
				SWIFT_EMIT_LOC_STRINGS = YES;
				SWIFT_VERSION = 5.0;
				TARGETED_DEVICE_FAMILY = "1,2";
			};
			name = Debug;
		};
		5CC5107229A0DE0600387BA8 /* Release */ = {
			isa = XCBuildConfiguration;
			baseConfigurationReference = 8E41FF1F4057181BB41EE9B6 /* Pods-CreditCardList.release.xcconfig */;
			buildSettings = {
				ASSETCATALOG_COMPILER_APPICON_NAME = AppIcon;
				ASSETCATALOG_COMPILER_GLOBAL_ACCENT_COLOR_NAME = AccentColor;
				CODE_SIGN_STYLE = Automatic;
				CURRENT_PROJECT_VERSION = 1;
				DEVELOPMENT_TEAM = XRWYG766B9;
				GENERATE_INFOPLIST_FILE = YES;
				INFOPLIST_FILE = CreditCardList/Info.plist;
				INFOPLIST_KEY_UIApplicationSupportsIndirectInputEvents = YES;
				INFOPLIST_KEY_UILaunchStoryboardName = LaunchScreen;
				INFOPLIST_KEY_UIMainStoryboardFile = Main;
				INFOPLIST_KEY_UISupportedInterfaceOrientations_iPad = "UIInterfaceOrientationPortrait UIInterfaceOrientationPortraitUpsideDown UIInterfaceOrientationLandscapeLeft UIInterfaceOrientationLandscapeRight";
				INFOPLIST_KEY_UISupportedInterfaceOrientations_iPhone = "UIInterfaceOrientationPortrait UIInterfaceOrientationLandscapeLeft UIInterfaceOrientationLandscapeRight";
				IPHONEOS_DEPLOYMENT_TARGET = 13.0;
				LD_RUNPATH_SEARCH_PATHS = (
					"$(inherited)",
					"@executable_path/Frameworks",
				);
				MARKETING_VERSION = 1.0;
				PRODUCT_BUNDLE_IDENTIFIER = "seongeun-Heo.CreditCardList";
				PRODUCT_NAME = "$(TARGET_NAME)";
				SWIFT_EMIT_LOC_STRINGS = YES;
				SWIFT_VERSION = 5.0;
				TARGETED_DEVICE_FAMILY = "1,2";
			};
			name = Release;
		};
/* End XCBuildConfiguration section */

/* Begin XCConfigurationList section */
		5CC5105729A0DE0500387BA8 /* Build configuration list for PBXProject "CreditCardList" */ = {
			isa = XCConfigurationList;
			buildConfigurations = (
				5CC5106E29A0DE0600387BA8 /* Debug */,
				5CC5106F29A0DE0600387BA8 /* Release */,
			);
			defaultConfigurationIsVisible = 0;
			defaultConfigurationName = Release;
		};
		5CC5107029A0DE0600387BA8 /* Build configuration list for PBXNativeTarget "CreditCardList" */ = {
			isa = XCConfigurationList;
			buildConfigurations = (
				5CC5107129A0DE0600387BA8 /* Debug */,
				5CC5107229A0DE0600387BA8 /* Release */,
			);
			defaultConfigurationIsVisible = 0;
			defaultConfigurationName = Release;
		};
/* End XCConfigurationList section */
	};
	rootObject = 5CC5105429A0DE0500387BA8 /* Project object */;
}
