// !$*UTF8*$!
{
	archiveVersion = 1;
	classes = {
	};
	objectVersion = 56;
	objects = {

/* Begin PBXBuildFile section */
		5CBC665629A2324B007BF31F /* AppDelegate.swift in Sources */ = {isa = PBXBuildFile; fileRef = 5CBC665529A2324B007BF31F /* AppDelegate.swift */; };
		5CBC665829A2324B007BF31F /* SceneDelegate.swift in Sources */ = {isa = PBXBuildFile; fileRef = 5CBC665729A2324B007BF31F /* SceneDelegate.swift */; };
		5CBC665D29A2324B007BF31F /* Main.storyboard in Resources */ = {isa = PBXBuildFile; fileRef = 5CBC665B29A2324B007BF31F /* Main.storyboard */; };
		5CBC665F29A2324C007BF31F /* Assets.xcassets in Resources */ = {isa = PBXBuildFile; fileRef = 5CBC665E29A2324C007BF31F /* Assets.xcassets */; };
		5CBC666229A2324C007BF31F /* LaunchScreen.storyboard in Resources */ = {isa = PBXBuildFile; fileRef = 5CBC666029A2324C007BF31F /* LaunchScreen.storyboard */; };
		5CBC666A29A2326C007BF31F /* AlertListViewController.swift in Sources */ = {isa = PBXBuildFile; fileRef = 5CBC666929A2326C007BF31F /* AlertListViewController.swift */; };
		5CBC666D29A2339E007BF31F /* AlertListCell.swift in Sources */ = {isa = PBXBuildFile; fileRef = 5CBC666B29A2339E007BF31F /* AlertListCell.swift */; };
		5CBC666E29A2339E007BF31F /* AlertListCell.xib in Resources */ = {isa = PBXBuildFile; fileRef = 5CBC666C29A2339E007BF31F /* AlertListCell.xib */; };
		5CBC667029A23866007BF31F /* Alert.swift in Sources */ = {isa = PBXBuildFile; fileRef = 5CBC666F29A23866007BF31F /* Alert.swift */; };
		5CBC667229A23BFA007BF31F /* AddAlertViewController.swift in Sources */ = {isa = PBXBuildFile; fileRef = 5CBC667129A23BFA007BF31F /* AddAlertViewController.swift */; };
		5CD0B29F29A24D2E00ED45AA /* UNNotificationCenter.swift in Sources */ = {isa = PBXBuildFile; fileRef = 5CD0B29E29A24D2E00ED45AA /* UNNotificationCenter.swift */; };
/* End PBXBuildFile section */

/* Begin PBXFileReference section */
		5CBC665229A2324B007BF31F /* Drink.app */ = {isa = PBXFileReference; explicitFileType = wrapper.application; includeInIndex = 0; path = Drink.app; sourceTree = BUILT_PRODUCTS_DIR; };
		5CBC665529A2324B007BF31F /* AppDelegate.swift */ = {isa = PBXFileReference; lastKnownFileType = sourcecode.swift; path = AppDelegate.swift; sourceTree = "<group>"; };
		5CBC665729A2324B007BF31F /* SceneDelegate.swift */ = {isa = PBXFileReference; lastKnownFileType = sourcecode.swift; path = SceneDelegate.swift; sourceTree = "<group>"; };
		5CBC665C29A2324B007BF31F /* Base */ = {isa = PBXFileReference; lastKnownFileType = file.storyboard; name = Base; path = Base.lproj/Main.storyboard; sourceTree = "<group>"; };
		5CBC665E29A2324C007BF31F /* Assets.xcassets */ = {isa = PBXFileReference; lastKnownFileType = folder.assetcatalog; path = Assets.xcassets; sourceTree = "<group>"; };
		5CBC666129A2324C007BF31F /* Base */ = {isa = PBXFileReference; lastKnownFileType = file.storyboard; name = Base; path = Base.lproj/LaunchScreen.storyboard; sourceTree = "<group>"; };
		5CBC666329A2324C007BF31F /* Info.plist */ = {isa = PBXFileReference; lastKnownFileType = text.plist.xml; path = Info.plist; sourceTree = "<group>"; };
		5CBC666929A2326C007BF31F /* AlertListViewController.swift */ = {isa = PBXFileReference; lastKnownFileType = sourcecode.swift; path = AlertListViewController.swift; sourceTree = "<group>"; };
		5CBC666B29A2339E007BF31F /* AlertListCell.swift */ = {isa = PBXFileReference; lastKnownFileType = sourcecode.swift; path = AlertListCell.swift; sourceTree = "<group>"; };
		5CBC666C29A2339E007BF31F /* AlertListCell.xib */ = {isa = PBXFileReference; lastKnownFileType = file.xib; path = AlertListCell.xib; sourceTree = "<group>"; };
		5CBC666F29A23866007BF31F /* Alert.swift */ = {isa = PBXFileReference; lastKnownFileType = sourcecode.swift; path = Alert.swift; sourceTree = "<group>"; };
		5CBC667129A23BFA007BF31F /* AddAlertViewController.swift */ = {isa = PBXFileReference; lastKnownFileType = sourcecode.swift; path = AddAlertViewController.swift; sourceTree = "<group>"; };
		5CD0B29E29A24D2E00ED45AA /* UNNotificationCenter.swift */ = {isa = PBXFileReference; lastKnownFileType = sourcecode.swift; path = UNNotificationCenter.swift; sourceTree = "<group>"; };
/* End PBXFileReference section */

/* Begin PBXFrameworksBuildPhase section */
		5CBC664F29A2324B007BF31F /* Frameworks */ = {
			isa = PBXFrameworksBuildPhase;
			buildActionMask = 2147483647;
			files = (
			);
			runOnlyForDeploymentPostprocessing = 0;
		};
/* End PBXFrameworksBuildPhase section */

/* Begin PBXGroup section */
		5CBC664929A2324B007BF31F = {
			isa = PBXGroup;
			children = (
				5CBC665429A2324B007BF31F /* Drink */,
				5CBC665329A2324B007BF31F /* Products */,
			);
			sourceTree = "<group>";
		};
		5CBC665329A2324B007BF31F /* Products */ = {
			isa = PBXGroup;
			children = (
				5CBC665229A2324B007BF31F /* Drink.app */,
			);
			name = Products;
			sourceTree = "<group>";
		};
		5CBC665429A2324B007BF31F /* Drink */ = {
			isa = PBXGroup;
			children = (
				5CBC665529A2324B007BF31F /* AppDelegate.swift */,
				5CBC665729A2324B007BF31F /* SceneDelegate.swift */,
				5CBC666929A2326C007BF31F /* AlertListViewController.swift */,
				5CBC665B29A2324B007BF31F /* Main.storyboard */,
				5CBC665E29A2324C007BF31F /* Assets.xcassets */,
				5CBC666029A2324C007BF31F /* LaunchScreen.storyboard */,
				5CBC666329A2324C007BF31F /* Info.plist */,
				5CBC666B29A2339E007BF31F /* AlertListCell.swift */,
				5CBC666C29A2339E007BF31F /* AlertListCell.xib */,
				5CBC666F29A23866007BF31F /* Alert.swift */,
				5CBC667129A23BFA007BF31F /* AddAlertViewController.swift */,
				5CD0B29E29A24D2E00ED45AA /* UNNotificationCenter.swift */,
			);
			path = Drink;
			sourceTree = "<group>";
		};
/* End PBXGroup section */

/* Begin PBXNativeTarget section */
		5CBC665129A2324B007BF31F /* Drink */ = {
			isa = PBXNativeTarget;
			buildConfigurationList = 5CBC666629A2324C007BF31F /* Build configuration list for PBXNativeTarget "Drink" */;
			buildPhases = (
				5CBC664E29A2324B007BF31F /* Sources */,
				5CBC664F29A2324B007BF31F /* Frameworks */,
				5CBC665029A2324B007BF31F /* Resources */,
			);
			buildRules = (
			);
			dependencies = (
			);
			name = Drink;
			productName = Drink;
			productReference = 5CBC665229A2324B007BF31F /* Drink.app */;
			productType = "com.apple.product-type.application";
		};
/* End PBXNativeTarget section */

/* Begin PBXProject section */
		5CBC664A29A2324B007BF31F /* Project object */ = {
			isa = PBXProject;
			attributes = {
				BuildIndependentTargetsInParallel = 1;
				LastSwiftUpdateCheck = 1420;
				LastUpgradeCheck = 1420;
				TargetAttributes = {
					5CBC665129A2324B007BF31F = {
						CreatedOnToolsVersion = 14.2;
					};
				};
			};
			buildConfigurationList = 5CBC664D29A2324B007BF31F /* Build configuration list for PBXProject "Drink" */;
			compatibilityVersion = "Xcode 14.0";
			developmentRegion = en;
			hasScannedForEncodings = 0;
			knownRegions = (
				en,
				Base,
			);
			mainGroup = 5CBC664929A2324B007BF31F;
			productRefGroup = 5CBC665329A2324B007BF31F /* Products */;
			projectDirPath = "";
			projectRoot = "";
			targets = (
				5CBC665129A2324B007BF31F /* Drink */,
			);
		};
/* End PBXProject section */

/* Begin PBXResourcesBuildPhase section */
		5CBC665029A2324B007BF31F /* Resources */ = {
			isa = PBXResourcesBuildPhase;
			buildActionMask = 2147483647;
			files = (
				5CBC666229A2324C007BF31F /* LaunchScreen.storyboard in Resources */,
				5CBC665F29A2324C007BF31F /* Assets.xcassets in Resources */,
				5CBC666E29A2339E007BF31F /* AlertListCell.xib in Resources */,
				5CBC665D29A2324B007BF31F /* Main.storyboard in Resources */,
			);
			runOnlyForDeploymentPostprocessing = 0;
		};
/* End PBXResourcesBuildPhase section */

/* Begin PBXSourcesBuildPhase section */
		5CBC664E29A2324B007BF31F /* Sources */ = {
			isa = PBXSourcesBuildPhase;
			buildActionMask = 2147483647;
			files = (
				5CBC665629A2324B007BF31F /* AppDelegate.swift in Sources */,
				5CBC665829A2324B007BF31F /* SceneDelegate.swift in Sources */,
				5CBC666D29A2339E007BF31F /* AlertListCell.swift in Sources */,
				5CBC667029A23866007BF31F /* Alert.swift in Sources */,
				5CBC666A29A2326C007BF31F /* AlertListViewController.swift in Sources */,
				5CD0B29F29A24D2E00ED45AA /* UNNotificationCenter.swift in Sources */,
				5CBC667229A23BFA007BF31F /* AddAlertViewController.swift in Sources */,
			);
			runOnlyForDeploymentPostprocessing = 0;
		};
/* End PBXSourcesBuildPhase section */

/* Begin PBXVariantGroup section */
		5CBC665B29A2324B007BF31F /* Main.storyboard */ = {
			isa = PBXVariantGroup;
			children = (
				5CBC665C29A2324B007BF31F /* Base */,
			);
			name = Main.storyboard;
			sourceTree = "<group>";
		};
		5CBC666029A2324C007BF31F /* LaunchScreen.storyboard */ = {
			isa = PBXVariantGroup;
			children = (
				5CBC666129A2324C007BF31F /* Base */,
			);
			name = LaunchScreen.storyboard;
			sourceTree = "<group>";
		};
/* End PBXVariantGroup section */

/* Begin XCBuildConfiguration section */
		5CBC666429A2324C007BF31F /* Debug */ = {
			isa = XCBuildConfiguration;
			buildSettings = {
				ALWAYS_SEARCH_USER_PATHS = NO;
				CLANG_ANALYZER_NONNULL = YES;
				CLANG_ANALYZER_NUMBER_OBJECT_CONVERSION = YES_AGGRESSIVE;
				CLANG_CXX_LANGUAGE_STANDARD = "gnu++20";
				CLANG_ENABLE_MODULES = YES;
				CLANG_ENABLE_OBJC_ARC = YES;
				CLANG_ENABLE_OBJC_WEAK = YES;
				CLANG_WARN_BLOCK_CAPTURE_AUTORELEASING = YES;
				CLANG_WARN_BOOL_CONVERSION = YES;
				CLANG_WARN_COMMA = YES;
				CLANG_WARN_CONSTANT_CONVERSION = YES;
				CLANG_WARN_DEPRECATED_OBJC_IMPLEMENTATIONS = YES;
				CLANG_WARN_DIRECT_OBJC_ISA_USAGE = YES_ERROR;
				CLANG_WARN_DOCUMENTATION_COMMENTS = YES;
				CLANG_WARN_EMPTY_BODY = YES;
				CLANG_WARN_ENUM_CONVERSION = YES;
				CLANG_WARN_INFINITE_RECURSION = YES;
				CLANG_WARN_INT_CONVERSION = YES;
				CLANG_WARN_NON_LITERAL_NULL_CONVERSION = YES;
				CLANG_WARN_OBJC_IMPLICIT_RETAIN_SELF = YES;
				CLANG_WARN_OBJC_LITERAL_CONVERSION = YES;
				CLANG_WARN_OBJC_ROOT_CLASS = YES_ERROR;
				CLANG_WARN_QUOTED_INCLUDE_IN_FRAMEWORK_HEADER = YES;
				CLANG_WARN_RANGE_LOOP_ANALYSIS = YES;
				CLANG_WARN_STRICT_PROTOTYPES = YES;
				CLANG_WARN_SUSPICIOUS_MOVE = YES;
				CLANG_WARN_UNGUARDED_AVAILABILITY = YES_AGGRESSIVE;
				CLANG_WARN_UNREACHABLE_CODE = YES;
				CLANG_WARN__DUPLICATE_METHOD_MATCH = YES;
				COPY_PHASE_STRIP = NO;
				DEBUG_INFORMATION_FORMAT = dwarf;
				ENABLE_STRICT_OBJC_MSGSEND = YES;
				ENABLE_TESTABILITY = YES;
				GCC_C_LANGUAGE_STANDARD = gnu11;
				GCC_DYNAMIC_NO_PIC = NO;
				GCC_NO_COMMON_BLOCKS = YES;
				GCC_OPTIMIZATION_LEVEL = 0;
				GCC_PREPROCESSOR_DEFINITIONS = (
					"DEBUG=1",
					"$(inherited)",
				);
				GCC_WARN_64_TO_32_BIT_CONVERSION = YES;
				GCC_WARN_ABOUT_RETURN_TYPE = YES_ERROR;
				GCC_WARN_UNDECLARED_SELECTOR = YES;
				GCC_WARN_UNINITIALIZED_AUTOS = YES_AGGRESSIVE;
				GCC_WARN_UNUSED_FUNCTION = YES;
				GCC_WARN_UNUSED_VARIABLE = YES;
				IPHONEOS_DEPLOYMENT_TARGET = 16.2;
				MTL_ENABLE_DEBUG_INFO = INCLUDE_SOURCE;
				MTL_FAST_MATH = YES;
				ONLY_ACTIVE_ARCH = YES;
				SDKROOT = iphoneos;
				SWIFT_ACTIVE_COMPILATION_CONDITIONS = DEBUG;
				SWIFT_OPTIMIZATION_LEVEL = "-Onone";
			};
			name = Debug;
		};
		5CBC666529A2324C007BF31F /* Release */ = {
			isa = XCBuildConfiguration;
			buildSettings = {
				ALWAYS_SEARCH_USER_PATHS = NO;
				CLANG_ANALYZER_NONNULL = YES;
				CLANG_ANALYZER_NUMBER_OBJECT_CONVERSION = YES_AGGRESSIVE;
				CLANG_CXX_LANGUAGE_STANDARD = "gnu++20";
				CLANG_ENABLE_MODULES = YES;
				CLANG_ENABLE_OBJC_ARC = YES;
				CLANG_ENABLE_OBJC_WEAK = YES;
				CLANG_WARN_BLOCK_CAPTURE_AUTORELEASING = YES;
				CLANG_WARN_BOOL_CONVERSION = YES;
				CLANG_WARN_COMMA = YES;
				CLANG_WARN_CONSTANT_CONVERSION = YES;
				CLANG_WARN_DEPRECATED_OBJC_IMPLEMENTATIONS = YES;
				CLANG_WARN_DIRECT_OBJC_ISA_USAGE = YES_ERROR;
				CLANG_WARN_DOCUMENTATION_COMMENTS = YES;
				CLANG_WARN_EMPTY_BODY = YES;
				CLANG_WARN_ENUM_CONVERSION = YES;
				CLANG_WARN_INFINITE_RECURSION = YES;
				CLANG_WARN_INT_CONVERSION = YES;
				CLANG_WARN_NON_LITERAL_NULL_CONVERSION = YES;
				CLANG_WARN_OBJC_IMPLICIT_RETAIN_SELF = YES;
				CLANG_WARN_OBJC_LITERAL_CONVERSION = YES;
				CLANG_WARN_OBJC_ROOT_CLASS = YES_ERROR;
				CLANG_WARN_QUOTED_INCLUDE_IN_FRAMEWORK_HEADER = YES;
				CLANG_WARN_RANGE_LOOP_ANALYSIS = YES;
				CLANG_WARN_STRICT_PROTOTYPES = YES;
				CLANG_WARN_SUSPICIOUS_MOVE = YES;
				CLANG_WARN_UNGUARDED_AVAILABILITY = YES_AGGRESSIVE;
				CLANG_WARN_UNREACHABLE_CODE = YES;
				CLANG_WARN__DUPLICATE_METHOD_MATCH = YES;
				COPY_PHASE_STRIP = NO;
				DEBUG_INFORMATION_FORMAT = "dwarf-with-dsym";
				ENABLE_NS_ASSERTIONS = NO;
				ENABLE_STRICT_OBJC_MSGSEND = YES;
				GCC_C_LANGUAGE_STANDARD = gnu11;
				GCC_NO_COMMON_BLOCKS = YES;
				GCC_WARN_64_TO_32_BIT_CONVERSION = YES;
				GCC_WARN_ABOUT_RETURN_TYPE = YES_ERROR;
				GCC_WARN_UNDECLARED_SELECTOR = YES;
				GCC_WARN_UNINITIALIZED_AUTOS = YES_AGGRESSIVE;
				GCC_WARN_UNUSED_FUNCTION = YES;
				GCC_WARN_UNUSED_VARIABLE = YES;
				IPHONEOS_DEPLOYMENT_TARGET = 16.2;
				MTL_ENABLE_DEBUG_INFO = NO;
				MTL_FAST_MATH = YES;
				SDKROOT = iphoneos;
				SWIFT_COMPILATION_MODE = wholemodule;
				SWIFT_OPTIMIZATION_LEVEL = "-O";
				VALIDATE_PRODUCT = YES;
			};
			name = Release;
		};
		5CBC666729A2324C007BF31F /* Debug */ = {
			isa = XCBuildConfiguration;
			buildSettings = {
				ASSETCATALOG_COMPILER_APPICON_NAME = AppIcon;
				ASSETCATALOG_COMPILER_GLOBAL_ACCENT_COLOR_NAME = AccentColor;
				CODE_SIGN_STYLE = Automatic;
				CURRENT_PROJECT_VERSION = 1;
				DEVELOPMENT_TEAM = XRWYG766B9;
				GENERATE_INFOPLIST_FILE = YES;
				INFOPLIST_FILE = Drink/Info.plist;
				INFOPLIST_KEY_UIApplicationSupportsIndirectInputEvents = YES;
				INFOPLIST_KEY_UILaunchStoryboardName = LaunchScreen;
				INFOPLIST_KEY_UIMainStoryboardFile = Main;
				INFOPLIST_KEY_UISupportedInterfaceOrientations_iPad = "UIInterfaceOrientationPortrait UIInterfaceOrientationPortraitUpsideDown UIInterfaceOrientationLandscapeLeft UIInterfaceOrientationLandscapeRight";
				INFOPLIST_KEY_UISupportedInterfaceOrientations_iPhone = "UIInterfaceOrientationPortrait UIInterfaceOrientationLandscapeLeft UIInterfaceOrientationLandscapeRight";
				LD_RUNPATH_SEARCH_PATHS = (
					"$(inherited)",
					"@executable_path/Frameworks",
				);
				MARKETING_VERSION = 1.0;
				PRODUCT_BUNDLE_IDENTIFIER = kr.co.fastcampus.se.heo.Drink;
				PRODUCT_NAME = "$(TARGET_NAME)";
				SWIFT_EMIT_LOC_STRINGS = YES;
				SWIFT_VERSION = 5.0;
				TARGETED_DEVICE_FAMILY = "1,2";
			};
			name = Debug;
		};
		5CBC666829A2324C007BF31F /* Release */ = {
			isa = XCBuildConfiguration;
			buildSettings = {
				ASSETCATALOG_COMPILER_APPICON_NAME = AppIcon;
				ASSETCATALOG_COMPILER_GLOBAL_ACCENT_COLOR_NAME = AccentColor;
				CODE_SIGN_STYLE = Automatic;
				CURRENT_PROJECT_VERSION = 1;
				DEVELOPMENT_TEAM = XRWYG766B9;
				GENERATE_INFOPLIST_FILE = YES;
				INFOPLIST_FILE = Drink/Info.plist;
				INFOPLIST_KEY_UIApplicationSupportsIndirectInputEvents = YES;
				INFOPLIST_KEY_UILaunchStoryboardName = LaunchScreen;
				INFOPLIST_KEY_UIMainStoryboardFile = Main;
				INFOPLIST_KEY_UISupportedInterfaceOrientations_iPad = "UIInterfaceOrientationPortrait UIInterfaceOrientationPortraitUpsideDown UIInterfaceOrientationLandscapeLeft UIInterfaceOrientationLandscapeRight";
				INFOPLIST_KEY_UISupportedInterfaceOrientations_iPhone = "UIInterfaceOrientationPortrait UIInterfaceOrientationLandscapeLeft UIInterfaceOrientationLandscapeRight";
				LD_RUNPATH_SEARCH_PATHS = (
					"$(inherited)",
					"@executable_path/Frameworks",
				);
				MARKETING_VERSION = 1.0;
				PRODUCT_BUNDLE_IDENTIFIER = kr.co.fastcampus.se.heo.Drink;
				PRODUCT_NAME = "$(TARGET_NAME)";
				SWIFT_EMIT_LOC_STRINGS = YES;
				SWIFT_VERSION = 5.0;
				TARGETED_DEVICE_FAMILY = "1,2";
			};
			name = Release;
		};
/* End XCBuildConfiguration section */

/* Begin XCConfigurationList section */
		5CBC664D29A2324B007BF31F /* Build configuration list for PBXProject "Drink" */ = {
			isa = XCConfigurationList;
			buildConfigurations = (
				5CBC666429A2324C007BF31F /* Debug */,
				5CBC666529A2324C007BF31F /* Release */,
			);
			defaultConfigurationIsVisible = 0;
			defaultConfigurationName = Release;
		};
		5CBC666629A2324C007BF31F /* Build configuration list for PBXNativeTarget "Drink" */ = {
			isa = XCConfigurationList;
			buildConfigurations = (
				5CBC666729A2324C007BF31F /* Debug */,
				5CBC666829A2324C007BF31F /* Release */,
			);
			defaultConfigurationIsVisible = 0;
			defaultConfigurationName = Release;
		};
/* End XCConfigurationList section */
	};
	rootObject = 5CBC664A29A2324B007BF31F /* Project object */;
}
